// !$*UTF8*$!
{
	archiveVersion = 1;
	classes = {
	};
	objectVersion = 50;
	objects = {

/* Begin PBXBuildFile section */
		F9702D802427A4B800C9EE70 /* CircleImage.swift in Sources */ = {isa = PBXBuildFile; fileRef = F9702D7F2427A4B800C9EE70 /* CircleImage.swift */; };
		F9702D822427A6E200C9EE70 /* MapView.swift in Sources */ = {isa = PBXBuildFile; fileRef = F9702D812427A6E200C9EE70 /* MapView.swift */; };
		F9702D852428F8AB00C9EE70 /* Landmark.swift in Sources */ = {isa = PBXBuildFile; fileRef = F9702D842428F8AB00C9EE70 /* Landmark.swift */; };
		F9702D872428FA0100C9EE70 /* Data.swift in Sources */ = {isa = PBXBuildFile; fileRef = F9702D862428FA0100C9EE70 /* Data.swift */; };
		F9702D8B24290D9700C9EE70 /* LandmarkRow.swift in Sources */ = {isa = PBXBuildFile; fileRef = F9702D8A24290D9700C9EE70 /* LandmarkRow.swift */; };
		F9702D9B24290EEF00C9EE70 /* rainbowlake.jpg in Resources */ = {isa = PBXBuildFile; fileRef = F9702D8E24290EEF00C9EE70 /* rainbowlake.jpg */; };
		F9702D9C24290EEF00C9EE70 /* lakemcdonald.jpg in Resources */ = {isa = PBXBuildFile; fileRef = F9702D8F24290EEF00C9EE70 /* lakemcdonald.jpg */; };
		F9702D9D24290EEF00C9EE70 /* silversalmoncreek.jpg in Resources */ = {isa = PBXBuildFile; fileRef = F9702D9024290EEF00C9EE70 /* silversalmoncreek.jpg */; };
		F9702D9E24290EEF00C9EE70 /* chilkoottrail.jpg in Resources */ = {isa = PBXBuildFile; fileRef = F9702D9124290EEF00C9EE70 /* chilkoottrail.jpg */; };
		F9702D9F24290EEF00C9EE70 /* chincoteague.jpg in Resources */ = {isa = PBXBuildFile; fileRef = F9702D9224290EEF00C9EE70 /* chincoteague.jpg */; };
		F9702DA024290EEF00C9EE70 /* icybay.jpg in Resources */ = {isa = PBXBuildFile; fileRef = F9702D9324290EEF00C9EE70 /* icybay.jpg */; };
		F9702DA124290EEF00C9EE70 /* twinlake.jpg in Resources */ = {isa = PBXBuildFile; fileRef = F9702D9424290EEF00C9EE70 /* twinlake.jpg */; };
		F9702DA224290EEF00C9EE70 /* landmarkData.json in Resources */ = {isa = PBXBuildFile; fileRef = F9702D9524290EEF00C9EE70 /* landmarkData.json */; };
		F9702DA324290EEF00C9EE70 /* stmarylake.jpg in Resources */ = {isa = PBXBuildFile; fileRef = F9702D9624290EEF00C9EE70 /* stmarylake.jpg */; };
		F9702DA424290EEF00C9EE70 /* turtlerock.jpg in Resources */ = {isa = PBXBuildFile; fileRef = F9702D9724290EEF00C9EE70 /* turtlerock.jpg */; };
		F9702DA524290EEF00C9EE70 /* hiddenlake.jpg in Resources */ = {isa = PBXBuildFile; fileRef = F9702D9824290EEF00C9EE70 /* hiddenlake.jpg */; };
		F9702DA624290EEF00C9EE70 /* umbagog.jpg in Resources */ = {isa = PBXBuildFile; fileRef = F9702D9924290EEF00C9EE70 /* umbagog.jpg */; };
		F9703B062429137E003E50BC /*  LandmarkList.swift in Sources */ = {isa = PBXBuildFile; fileRef = F9703B052429137E003E50BC /*  LandmarkList.swift */; };
		F97DF9992433C0BA003AAF88 /* WatchLandmarkDetail.swift in Sources */ = {isa = PBXBuildFile; fileRef = F97DF9982433C0BA003AAF88 /* WatchLandmarkDetail.swift */; };
		F9820B5F242D146D001F2203 /* Home.swift in Sources */ = {isa = PBXBuildFile; fileRef = F9820B5E242D146D001F2203 /* Home.swift */; };
		F9820B61242D16A0001F2203 /* CategoryRow.swift in Sources */ = {isa = PBXBuildFile; fileRef = F9820B60242D16A0001F2203 /* CategoryRow.swift */; };
		F9820B6324320543001F2203 /* Profile.swift in Sources */ = {isa = PBXBuildFile; fileRef = F9820B6224320542001F2203 /* Profile.swift */; };
		F9820B6524320C6C001F2203 /* ProfileHost.swift in Sources */ = {isa = PBXBuildFile; fileRef = F9820B6424320C6C001F2203 /* ProfileHost.swift */; };
		F9820B6824320DA5001F2203 /* ProfileSummary.swift in Sources */ = {isa = PBXBuildFile; fileRef = F9820B6724320DA5001F2203 /* ProfileSummary.swift */; };
		F9820B6A24320E51001F2203 /* HikeBadge.swift in Sources */ = {isa = PBXBuildFile; fileRef = F9820B6924320E51001F2203 /* HikeBadge.swift */; };
		F9820B6C24321B5E001F2203 /* ProfileEditor.swift in Sources */ = {isa = PBXBuildFile; fileRef = F9820B6B24321B5E001F2203 /* ProfileEditor.swift */; };
		F9820B6F2432219B001F2203 /* PageViewController.swift in Sources */ = {isa = PBXBuildFile; fileRef = F9820B6E2432219B001F2203 /* PageViewController.swift */; };
		F9820B7124322366001F2203 /* PageView.swift in Sources */ = {isa = PBXBuildFile; fileRef = F9820B7024322366001F2203 /* PageView.swift */; };
		F9820B7324322451001F2203 /* FeatureCard.swift in Sources */ = {isa = PBXBuildFile; fileRef = F9820B7224322451001F2203 /* FeatureCard.swift */; };
		F9820B7724322926001F2203 /* charleyrivers_feature.jpg in Resources */ = {isa = PBXBuildFile; fileRef = F9820B7424322926001F2203 /* charleyrivers_feature.jpg */; };
		F9820B7824322926001F2203 /* stmarylake_feature.jpg in Resources */ = {isa = PBXBuildFile; fileRef = F9820B7524322926001F2203 /* stmarylake_feature.jpg */; };
		F9820B7924322926001F2203 /* turtlerock_feature.jpg in Resources */ = {isa = PBXBuildFile; fileRef = F9820B7624322926001F2203 /* turtlerock_feature.jpg */; };
		F9820B7B24323346001F2203 /* PageControl.swift in Sources */ = {isa = PBXBuildFile; fileRef = F9820B7A24323346001F2203 /* PageControl.swift */; };
		F9820B8224326EBA001F2203 /* Interface.storyboard in Resources */ = {isa = PBXBuildFile; fileRef = F9820B8024326EBA001F2203 /* Interface.storyboard */; };
		F9820B8424326EC0001F2203 /* Assets.xcassets in Resources */ = {isa = PBXBuildFile; fileRef = F9820B8324326EC0001F2203 /* Assets.xcassets */; };
		F9820B8B24326EC1001F2203 /* WatchSwiftUITutorial Extension.appex in Embed App Extensions */ = {isa = PBXBuildFile; fileRef = F9820B8A24326EC1001F2203 /* WatchSwiftUITutorial Extension.appex */; settings = {ATTRIBUTES = (RemoveHeadersOnCopy, ); }; };
		F9820B9024326EC1001F2203 /* ContentView.swift in Sources */ = {isa = PBXBuildFile; fileRef = F9820B8F24326EC1001F2203 /* ContentView.swift */; };
		F9820B9224326EC1001F2203 /* HostingController.swift in Sources */ = {isa = PBXBuildFile; fileRef = F9820B9124326EC1001F2203 /* HostingController.swift */; };
		F9820B9424326EC1001F2203 /* ExtensionDelegate.swift in Sources */ = {isa = PBXBuildFile; fileRef = F9820B9324326EC1001F2203 /* ExtensionDelegate.swift */; };
		F9820B9624326EC1001F2203 /* NotificationController.swift in Sources */ = {isa = PBXBuildFile; fileRef = F9820B9524326EC1001F2203 /* NotificationController.swift */; };
		F9820B9824326EC1001F2203 /* NotificationView.swift in Sources */ = {isa = PBXBuildFile; fileRef = F9820B9724326EC1001F2203 /* NotificationView.swift */; };
		F9820B9A24326EC3001F2203 /* Assets.xcassets in Resources */ = {isa = PBXBuildFile; fileRef = F9820B9924326EC3001F2203 /* Assets.xcassets */; };
		F9820B9D24326EC3001F2203 /* Preview Assets.xcassets in Resources */ = {isa = PBXBuildFile; fileRef = F9820B9C24326EC3001F2203 /* Preview Assets.xcassets */; };
		F9820BA224326EC3001F2203 /* WatchSwiftUITutorial.app in Embed Watch Content */ = {isa = PBXBuildFile; fileRef = F9820B7E24326EBA001F2203 /* WatchSwiftUITutorial.app */; settings = {ATTRIBUTES = (RemoveHeadersOnCopy, ); }; };
		F9820BAB24327949001F2203 /* CircleImage.swift in Sources */ = {isa = PBXBuildFile; fileRef = F9702D7F2427A4B800C9EE70 /* CircleImage.swift */; };
		F9820BAC24327949001F2203 /* Profile.swift in Sources */ = {isa = PBXBuildFile; fileRef = F9820B6224320542001F2203 /* Profile.swift */; };
		F9820BAD24327949001F2203 /* Landmark.swift in Sources */ = {isa = PBXBuildFile; fileRef = F9702D842428F8AB00C9EE70 /* Landmark.swift */; };
		F9820BAE24327949001F2203 /* UserData.swift in Sources */ = {isa = PBXBuildFile; fileRef = F99E5485242A3442009ED0F4 /* UserData.swift */; };
		F9820BAF24327949001F2203 /* Data.swift in Sources */ = {isa = PBXBuildFile; fileRef = F9702D862428FA0100C9EE70 /* Data.swift */; };
		F9820BB024327949001F2203 /* Hike.swift in Sources */ = {isa = PBXBuildFile; fileRef = F9AEEBDF242B9C08004C1464 /* Hike.swift */; };
		F9820BB124327949001F2203 /* LandmarkRow.swift in Sources */ = {isa = PBXBuildFile; fileRef = F9702D8A24290D9700C9EE70 /* LandmarkRow.swift */; };
		F9820BB224327C87001F2203 /* Assets.xcassets in Resources */ = {isa = PBXBuildFile; fileRef = F9B537732422EE1500B19A95 /* Assets.xcassets */; };
		F9820BB324327F96001F2203 /* charleyrivers_feature.jpg in Resources */ = {isa = PBXBuildFile; fileRef = F9820B7424322926001F2203 /* charleyrivers_feature.jpg */; };
		F9820BB424327F96001F2203 /* stmarylake_feature.jpg in Resources */ = {isa = PBXBuildFile; fileRef = F9820B7524322926001F2203 /* stmarylake_feature.jpg */; };
		F9820BB524327F96001F2203 /* turtlerock_feature.jpg in Resources */ = {isa = PBXBuildFile; fileRef = F9820B7624322926001F2203 /* turtlerock_feature.jpg */; };
		F9820BB624327F96001F2203 /* hikeData.json in Resources */ = {isa = PBXBuildFile; fileRef = F9AEEBE3242B9CBA004C1464 /* hikeData.json */; };
		F9820BB724327F96001F2203 /* charleyrivers.jpg in Resources */ = {isa = PBXBuildFile; fileRef = F99E5481242A2D67009ED0F4 /* charleyrivers.jpg */; };
		F9820BB824327F96001F2203 /* chilkoottrail.jpg in Resources */ = {isa = PBXBuildFile; fileRef = F9702D9124290EEF00C9EE70 /* chilkoottrail.jpg */; };
		F9820BB924327F96001F2203 /* chincoteague.jpg in Resources */ = {isa = PBXBuildFile; fileRef = F9702D9224290EEF00C9EE70 /* chincoteague.jpg */; };
		F9820BBA24327F96001F2203 /* hiddenlake.jpg in Resources */ = {isa = PBXBuildFile; fileRef = F9702D9824290EEF00C9EE70 /* hiddenlake.jpg */; };
		F9820BBB24327F96001F2203 /* icybay.jpg in Resources */ = {isa = PBXBuildFile; fileRef = F9702D9324290EEF00C9EE70 /* icybay.jpg */; };
		F9820BBC24327F96001F2203 /* lakemcdonald.jpg in Resources */ = {isa = PBXBuildFile; fileRef = F9702D8F24290EEF00C9EE70 /* lakemcdonald.jpg */; };
		F9820BBD24327F96001F2203 /* landmarkData.json in Resources */ = {isa = PBXBuildFile; fileRef = F9702D9524290EEF00C9EE70 /* landmarkData.json */; };
		F9820BBE24327F96001F2203 /* rainbowlake.jpg in Resources */ = {isa = PBXBuildFile; fileRef = F9702D8E24290EEF00C9EE70 /* rainbowlake.jpg */; };
		F9820BBF24327F96001F2203 /* silversalmoncreek.jpg in Resources */ = {isa = PBXBuildFile; fileRef = F9702D9024290EEF00C9EE70 /* silversalmoncreek.jpg */; };
		F9820BC024327F96001F2203 /* stmarylake.jpg in Resources */ = {isa = PBXBuildFile; fileRef = F9702D9624290EEF00C9EE70 /* stmarylake.jpg */; };
		F9820BC124327F96001F2203 /* turtlerock.jpg in Resources */ = {isa = PBXBuildFile; fileRef = F9702D9724290EEF00C9EE70 /* turtlerock.jpg */; };
		F9820BC224327F96001F2203 /* twinlake.jpg in Resources */ = {isa = PBXBuildFile; fileRef = F9702D9424290EEF00C9EE70 /* twinlake.jpg */; };
		F9820BC324327F96001F2203 /* umbagog.jpg in Resources */ = {isa = PBXBuildFile; fileRef = F9702D9924290EEF00C9EE70 /* umbagog.jpg */; };
		F98AB2E32435E1990059DC8C /* Filter.swift in Sources */ = {isa = PBXBuildFile; fileRef = F98AB2E22435E1990059DC8C /* Filter.swift */; };
		F98AB2E52435EA010059DC8C /* NavigationMaster.swift in Sources */ = {isa = PBXBuildFile; fileRef = F98AB2E42435EA010059DC8C /* NavigationMaster.swift */; };
		F98AB2E62435EBB80059DC8C /* CircleImage.swift in Sources */ = {isa = PBXBuildFile; fileRef = F9702D7F2427A4B800C9EE70 /* CircleImage.swift */; };
		F98AB2E72435EC6F0059DC8C /* MapView.swift in Sources */ = {isa = PBXBuildFile; fileRef = F9702D812427A6E200C9EE70 /* MapView.swift */; };
		F99E5482242A2D67009ED0F4 /* charleyrivers.jpg in Resources */ = {isa = PBXBuildFile; fileRef = F99E5481242A2D67009ED0F4 /* charleyrivers.jpg */; };
		F99E5486242A3442009ED0F4 /* UserData.swift in Sources */ = {isa = PBXBuildFile; fileRef = F99E5485242A3442009ED0F4 /* UserData.swift */; };
		F99E5489242AB9A3009ED0F4 /* HexagonParameters.swift in Sources */ = {isa = PBXBuildFile; fileRef = F99E5488242AB9A3009ED0F4 /* HexagonParameters.swift */; };
		F99E548B242ABA1C009ED0F4 /* Badge.swift in Sources */ = {isa = PBXBuildFile; fileRef = F99E548A242ABA1C009ED0F4 /* Badge.swift */; };
		F99E548D242ABF22009ED0F4 /* BadgeBackground.swift in Sources */ = {isa = PBXBuildFile; fileRef = F99E548C242ABF22009ED0F4 /* BadgeBackground.swift */; };
		F99E548F242ABFFE009ED0F4 /* BadgeSymbol.swift in Sources */ = {isa = PBXBuildFile; fileRef = F99E548E242ABFFE009ED0F4 /* BadgeSymbol.swift */; };
		F99E5491242AC192009ED0F4 /* RotatedBadgeSymbolView.swift in Sources */ = {isa = PBXBuildFile; fileRef = F99E5490242AC192009ED0F4 /* RotatedBadgeSymbolView.swift */; };
		F9AEEBDE242B9BCF004C1464 /* HikeView.swift in Sources */ = {isa = PBXBuildFile; fileRef = F9AEEBDD242B9BCF004C1464 /* HikeView.swift */; };
		F9AEEBE0242B9C08004C1464 /* Hike.swift in Sources */ = {isa = PBXBuildFile; fileRef = F9AEEBDF242B9C08004C1464 /* Hike.swift */; };
		F9AEEBE2242B9C4A004C1464 /* HikeDetail.swift in Sources */ = {isa = PBXBuildFile; fileRef = F9AEEBE1242B9C4A004C1464 /* HikeDetail.swift */; };
		F9AEEBE4242B9CBA004C1464 /* hikeData.json in Resources */ = {isa = PBXBuildFile; fileRef = F9AEEBE3242B9CBA004C1464 /* hikeData.json */; };
		F9AEEBE6242B9CEE004C1464 /* HikeGraph.swift in Sources */ = {isa = PBXBuildFile; fileRef = F9AEEBE5242B9CEE004C1464 /* HikeGraph.swift */; };
		F9AEEBE8242B9D13004C1464 /* GraphCapsule.swift in Sources */ = {isa = PBXBuildFile; fileRef = F9AEEBE7242B9D13004C1464 /* GraphCapsule.swift */; };
		F9B5376E2422EE1200B19A95 /* AppDelegate.swift in Sources */ = {isa = PBXBuildFile; fileRef = F9B5376D2422EE1200B19A95 /* AppDelegate.swift */; };
		F9B537702422EE1200B19A95 /* SceneDelegate.swift in Sources */ = {isa = PBXBuildFile; fileRef = F9B5376F2422EE1200B19A95 /* SceneDelegate.swift */; };
		F9B537722422EE1200B19A95 /* LandmarkDetail.swift in Sources */ = {isa = PBXBuildFile; fileRef = F9B537712422EE1200B19A95 /* LandmarkDetail.swift */; };
		F9B537742422EE1500B19A95 /* Assets.xcassets in Resources */ = {isa = PBXBuildFile; fileRef = F9B537732422EE1500B19A95 /* Assets.xcassets */; };
		F9B537772422EE1500B19A95 /* Preview Assets.xcassets in Resources */ = {isa = PBXBuildFile; fileRef = F9B537762422EE1500B19A95 /* Preview Assets.xcassets */; };
		F9B5377A2422EE1500B19A95 /* LaunchScreen.storyboard in Resources */ = {isa = PBXBuildFile; fileRef = F9B537782422EE1500B19A95 /* LaunchScreen.storyboard */; };
		F9B537852422EE1500B19A95 /* swiftUiTutorialTests.swift in Sources */ = {isa = PBXBuildFile; fileRef = F9B537842422EE1500B19A95 /* swiftUiTutorialTests.swift */; };
		F9B537902422EE1500B19A95 /* swiftUiTutorialUITests.swift in Sources */ = {isa = PBXBuildFile; fileRef = F9B5378F2422EE1500B19A95 /* swiftUiTutorialUITests.swift */; };
		F9D665C02433E4C600E739BD /* WatchMapView.swift in Sources */ = {isa = PBXBuildFile; fileRef = F9D665BF2433E4C600E739BD /* WatchMapView.swift */; };
		F9D665C12433EBEC00E739BD /*  LandmarkList.swift in Sources */ = {isa = PBXBuildFile; fileRef = F9703B052429137E003E50BC /*  LandmarkList.swift */; };
		F9E9B8F6243529E900D4184A /* AppDelegate.swift in Sources */ = {isa = PBXBuildFile; fileRef = F9E9B8F5243529E900D4184A /* AppDelegate.swift */; };
		F9E9B8F8243529E900D4184A /* ContentView.swift in Sources */ = {isa = PBXBuildFile; fileRef = F9E9B8F7243529E900D4184A /* ContentView.swift */; };
		F9E9B8FA243529EE00D4184A /* Assets.xcassets in Resources */ = {isa = PBXBuildFile; fileRef = F9E9B8F9243529EE00D4184A /* Assets.xcassets */; };
		F9E9B8FD243529EE00D4184A /* Preview Assets.xcassets in Resources */ = {isa = PBXBuildFile; fileRef = F9E9B8FC243529EE00D4184A /* Preview Assets.xcassets */; };
		F9E9B900243529EF00D4184A /* Main.storyboard in Resources */ = {isa = PBXBuildFile; fileRef = F9E9B8FE243529EF00D4184A /* Main.storyboard */; };
		F9E9B90C243529EF00D4184A /* MacLandmarksTests.swift in Sources */ = {isa = PBXBuildFile; fileRef = F9E9B90B243529EF00D4184A /* MacLandmarksTests.swift */; };
		F9E9B917243529EF00D4184A /* MacLandmarksUITests.swift in Sources */ = {isa = PBXBuildFile; fileRef = F9E9B916243529EF00D4184A /* MacLandmarksUITests.swift */; };
		F9E9B93824352FE400D4184A /* charleyrivers_feature.jpg in Resources */ = {isa = PBXBuildFile; fileRef = F9820B7424322926001F2203 /* charleyrivers_feature.jpg */; };
		F9E9B93924352FE400D4184A /* stmarylake_feature.jpg in Resources */ = {isa = PBXBuildFile; fileRef = F9820B7524322926001F2203 /* stmarylake_feature.jpg */; };
		F9E9B93A24352FE400D4184A /* turtlerock_feature.jpg in Resources */ = {isa = PBXBuildFile; fileRef = F9820B7624322926001F2203 /* turtlerock_feature.jpg */; };
		F9E9B93B24352FE400D4184A /* hikeData.json in Resources */ = {isa = PBXBuildFile; fileRef = F9AEEBE3242B9CBA004C1464 /* hikeData.json */; };
		F9E9B93C24352FE400D4184A /* charleyrivers.jpg in Resources */ = {isa = PBXBuildFile; fileRef = F99E5481242A2D67009ED0F4 /* charleyrivers.jpg */; };
		F9E9B93D24352FE400D4184A /* chilkoottrail.jpg in Resources */ = {isa = PBXBuildFile; fileRef = F9702D9124290EEF00C9EE70 /* chilkoottrail.jpg */; };
		F9E9B93E24352FE400D4184A /* chincoteague.jpg in Resources */ = {isa = PBXBuildFile; fileRef = F9702D9224290EEF00C9EE70 /* chincoteague.jpg */; };
		F9E9B93F24352FE400D4184A /* hiddenlake.jpg in Resources */ = {isa = PBXBuildFile; fileRef = F9702D9824290EEF00C9EE70 /* hiddenlake.jpg */; };
		F9E9B94024352FE400D4184A /* icybay.jpg in Resources */ = {isa = PBXBuildFile; fileRef = F9702D9324290EEF00C9EE70 /* icybay.jpg */; };
		F9E9B94124352FE400D4184A /* lakemcdonald.jpg in Resources */ = {isa = PBXBuildFile; fileRef = F9702D8F24290EEF00C9EE70 /* lakemcdonald.jpg */; };
		F9E9B94224352FE400D4184A /* landmarkData.json in Resources */ = {isa = PBXBuildFile; fileRef = F9702D9524290EEF00C9EE70 /* landmarkData.json */; };
		F9E9B94324352FE400D4184A /* rainbowlake.jpg in Resources */ = {isa = PBXBuildFile; fileRef = F9702D8E24290EEF00C9EE70 /* rainbowlake.jpg */; };
		F9E9B94424352FE400D4184A /* silversalmoncreek.jpg in Resources */ = {isa = PBXBuildFile; fileRef = F9702D9024290EEF00C9EE70 /* silversalmoncreek.jpg */; };
		F9E9B94524352FE400D4184A /* stmarylake.jpg in Resources */ = {isa = PBXBuildFile; fileRef = F9702D9624290EEF00C9EE70 /* stmarylake.jpg */; };
		F9E9B94624352FE400D4184A /* turtlerock.jpg in Resources */ = {isa = PBXBuildFile; fileRef = F9702D9724290EEF00C9EE70 /* turtlerock.jpg */; };
		F9E9B94724352FE400D4184A /* twinlake.jpg in Resources */ = {isa = PBXBuildFile; fileRef = F9702D9424290EEF00C9EE70 /* twinlake.jpg */; };
		F9E9B94824352FE400D4184A /* umbagog.jpg in Resources */ = {isa = PBXBuildFile; fileRef = F9702D9924290EEF00C9EE70 /* umbagog.jpg */; };
		F9E9B94924352FE400D4184A /* Profile.swift in Sources */ = {isa = PBXBuildFile; fileRef = F9820B6224320542001F2203 /* Profile.swift */; };
		F9E9B94A24352FE400D4184A /* Landmark.swift in Sources */ = {isa = PBXBuildFile; fileRef = F9702D842428F8AB00C9EE70 /* Landmark.swift */; };
		F9E9B94B24352FE400D4184A /* UserData.swift in Sources */ = {isa = PBXBuildFile; fileRef = F99E5485242A3442009ED0F4 /* UserData.swift */; };
		F9E9B94C24352FE400D4184A /* Data.swift in Sources */ = {isa = PBXBuildFile; fileRef = F9702D862428FA0100C9EE70 /* Data.swift */; };
		F9E9B94D24352FE400D4184A /* Hike.swift in Sources */ = {isa = PBXBuildFile; fileRef = F9AEEBDF242B9C08004C1464 /* Hike.swift */; };
		F9E9B94F24353D8400D4184A /* LandmarkRow.swift in Sources */ = {isa = PBXBuildFile; fileRef = F9E9B94E24353D8400D4184A /* LandmarkRow.swift */; };
		F9E9B9512435400800D4184A /* LandmarkList.swift in Sources */ = {isa = PBXBuildFile; fileRef = F9E9B9502435400800D4184A /* LandmarkList.swift */; };
/* End PBXBuildFile section */

/* Begin PBXContainerItemProxy section */
		F9820B8C24326EC1001F2203 /* PBXContainerItemProxy */ = {
			isa = PBXContainerItemProxy;
			containerPortal = F9B537622422EE1200B19A95 /* Project object */;
			proxyType = 1;
			remoteGlobalIDString = F9820B8924326EC1001F2203;
			remoteInfo = "WatchSwiftUITutorial Extension";
		};
		F9820BA024326EC3001F2203 /* PBXContainerItemProxy */ = {
			isa = PBXContainerItemProxy;
			containerPortal = F9B537622422EE1200B19A95 /* Project object */;
			proxyType = 1;
			remoteGlobalIDString = F9820B7D24326EBA001F2203;
			remoteInfo = WatchSwiftUITutorial;
		};
		F9B537812422EE1500B19A95 /* PBXContainerItemProxy */ = {
			isa = PBXContainerItemProxy;
			containerPortal = F9B537622422EE1200B19A95 /* Project object */;
			proxyType = 1;
			remoteGlobalIDString = F9B537692422EE1200B19A95;
			remoteInfo = swiftUiTutorial;
		};
		F9B5378C2422EE1500B19A95 /* PBXContainerItemProxy */ = {
			isa = PBXContainerItemProxy;
			containerPortal = F9B537622422EE1200B19A95 /* Project object */;
			proxyType = 1;
			remoteGlobalIDString = F9B537692422EE1200B19A95;
			remoteInfo = swiftUiTutorial;
		};
		F9E9B908243529EF00D4184A /* PBXContainerItemProxy */ = {
			isa = PBXContainerItemProxy;
			containerPortal = F9B537622422EE1200B19A95 /* Project object */;
			proxyType = 1;
			remoteGlobalIDString = F9E9B8F2243529E900D4184A;
			remoteInfo = MacLandmarks;
		};
		F9E9B913243529EF00D4184A /* PBXContainerItemProxy */ = {
			isa = PBXContainerItemProxy;
			containerPortal = F9B537622422EE1200B19A95 /* Project object */;
			proxyType = 1;
			remoteGlobalIDString = F9E9B8F2243529E900D4184A;
			remoteInfo = MacLandmarks;
		};
/* End PBXContainerItemProxy section */

/* Begin PBXCopyFilesBuildPhase section */
		F9820BA324326EC3001F2203 /* Embed Watch Content */ = {
			isa = PBXCopyFilesBuildPhase;
			buildActionMask = 2147483647;
			dstPath = "$(CONTENTS_FOLDER_PATH)/Watch";
			dstSubfolderSpec = 16;
			files = (
				F9820BA224326EC3001F2203 /* WatchSwiftUITutorial.app in Embed Watch Content */,
			);
			name = "Embed Watch Content";
			runOnlyForDeploymentPostprocessing = 0;
		};
		F9820BA624326EC3001F2203 /* Embed App Extensions */ = {
			isa = PBXCopyFilesBuildPhase;
			buildActionMask = 2147483647;
			dstPath = "";
			dstSubfolderSpec = 13;
			files = (
				F9820B8B24326EC1001F2203 /* WatchSwiftUITutorial Extension.appex in Embed App Extensions */,
			);
			name = "Embed App Extensions";
			runOnlyForDeploymentPostprocessing = 0;
		};
/* End PBXCopyFilesBuildPhase section */

/* Begin PBXFileReference section */
		F9702D7F2427A4B800C9EE70 /* CircleImage.swift */ = {isa = PBXFileReference; lastKnownFileType = sourcecode.swift; path = CircleImage.swift; sourceTree = "<group>"; };
		F9702D812427A6E200C9EE70 /* MapView.swift */ = {isa = PBXFileReference; lastKnownFileType = sourcecode.swift; path = MapView.swift; sourceTree = "<group>"; };
		F9702D842428F8AB00C9EE70 /* Landmark.swift */ = {isa = PBXFileReference; lastKnownFileType = sourcecode.swift; path = Landmark.swift; sourceTree = "<group>"; };
		F9702D862428FA0100C9EE70 /* Data.swift */ = {isa = PBXFileReference; lastKnownFileType = sourcecode.swift; path = Data.swift; sourceTree = "<group>"; };
		F9702D8A24290D9700C9EE70 /* LandmarkRow.swift */ = {isa = PBXFileReference; lastKnownFileType = sourcecode.swift; path = LandmarkRow.swift; sourceTree = "<group>"; };
		F9702D8E24290EEF00C9EE70 /* rainbowlake.jpg */ = {isa = PBXFileReference; lastKnownFileType = image.jpeg; path = rainbowlake.jpg; sourceTree = "<group>"; };
		F9702D8F24290EEF00C9EE70 /* lakemcdonald.jpg */ = {isa = PBXFileReference; lastKnownFileType = image.jpeg; path = lakemcdonald.jpg; sourceTree = "<group>"; };
		F9702D9024290EEF00C9EE70 /* silversalmoncreek.jpg */ = {isa = PBXFileReference; lastKnownFileType = image.jpeg; path = silversalmoncreek.jpg; sourceTree = "<group>"; };
		F9702D9124290EEF00C9EE70 /* chilkoottrail.jpg */ = {isa = PBXFileReference; lastKnownFileType = image.jpeg; path = chilkoottrail.jpg; sourceTree = "<group>"; };
		F9702D9224290EEF00C9EE70 /* chincoteague.jpg */ = {isa = PBXFileReference; lastKnownFileType = image.jpeg; path = chincoteague.jpg; sourceTree = "<group>"; };
		F9702D9324290EEF00C9EE70 /* icybay.jpg */ = {isa = PBXFileReference; lastKnownFileType = image.jpeg; path = icybay.jpg; sourceTree = "<group>"; };
		F9702D9424290EEF00C9EE70 /* twinlake.jpg */ = {isa = PBXFileReference; lastKnownFileType = image.jpeg; path = twinlake.jpg; sourceTree = "<group>"; };
		F9702D9524290EEF00C9EE70 /* landmarkData.json */ = {isa = PBXFileReference; fileEncoding = 4; lastKnownFileType = text.json; path = landmarkData.json; sourceTree = "<group>"; };
		F9702D9624290EEF00C9EE70 /* stmarylake.jpg */ = {isa = PBXFileReference; lastKnownFileType = image.jpeg; path = stmarylake.jpg; sourceTree = "<group>"; };
		F9702D9724290EEF00C9EE70 /* turtlerock.jpg */ = {isa = PBXFileReference; lastKnownFileType = image.jpeg; path = turtlerock.jpg; sourceTree = "<group>"; };
		F9702D9824290EEF00C9EE70 /* hiddenlake.jpg */ = {isa = PBXFileReference; lastKnownFileType = image.jpeg; path = hiddenlake.jpg; sourceTree = "<group>"; };
		F9702D9924290EEF00C9EE70 /* umbagog.jpg */ = {isa = PBXFileReference; lastKnownFileType = image.jpeg; path = umbagog.jpg; sourceTree = "<group>"; };
		F9703B052429137E003E50BC /*  LandmarkList.swift */ = {isa = PBXFileReference; lastKnownFileType = sourcecode.swift; path = " LandmarkList.swift"; sourceTree = "<group>"; };
		F97DF9982433C0BA003AAF88 /* WatchLandmarkDetail.swift */ = {isa = PBXFileReference; lastKnownFileType = sourcecode.swift; path = WatchLandmarkDetail.swift; sourceTree = "<group>"; };
		F9820B5E242D146D001F2203 /* Home.swift */ = {isa = PBXFileReference; lastKnownFileType = sourcecode.swift; path = Home.swift; sourceTree = "<group>"; };
		F9820B60242D16A0001F2203 /* CategoryRow.swift */ = {isa = PBXFileReference; lastKnownFileType = sourcecode.swift; path = CategoryRow.swift; sourceTree = "<group>"; };
		F9820B6224320542001F2203 /* Profile.swift */ = {isa = PBXFileReference; fileEncoding = 4; lastKnownFileType = sourcecode.swift; path = Profile.swift; sourceTree = "<group>"; };
		F9820B6424320C6C001F2203 /* ProfileHost.swift */ = {isa = PBXFileReference; lastKnownFileType = sourcecode.swift; path = ProfileHost.swift; sourceTree = "<group>"; };
		F9820B6724320DA5001F2203 /* ProfileSummary.swift */ = {isa = PBXFileReference; lastKnownFileType = sourcecode.swift; path = ProfileSummary.swift; sourceTree = "<group>"; };
		F9820B6924320E51001F2203 /* HikeBadge.swift */ = {isa = PBXFileReference; lastKnownFileType = sourcecode.swift; path = HikeBadge.swift; sourceTree = "<group>"; };
		F9820B6B24321B5E001F2203 /* ProfileEditor.swift */ = {isa = PBXFileReference; lastKnownFileType = sourcecode.swift; path = ProfileEditor.swift; sourceTree = "<group>"; };
		F9820B6E2432219B001F2203 /* PageViewController.swift */ = {isa = PBXFileReference; lastKnownFileType = sourcecode.swift; path = PageViewController.swift; sourceTree = "<group>"; };
		F9820B7024322366001F2203 /* PageView.swift */ = {isa = PBXFileReference; lastKnownFileType = sourcecode.swift; path = PageView.swift; sourceTree = "<group>"; };
		F9820B7224322451001F2203 /* FeatureCard.swift */ = {isa = PBXFileReference; fileEncoding = 4; lastKnownFileType = sourcecode.swift; path = FeatureCard.swift; sourceTree = "<group>"; };
		F9820B7424322926001F2203 /* charleyrivers_feature.jpg */ = {isa = PBXFileReference; lastKnownFileType = image.jpeg; path = charleyrivers_feature.jpg; sourceTree = "<group>"; };
		F9820B7524322926001F2203 /* stmarylake_feature.jpg */ = {isa = PBXFileReference; lastKnownFileType = image.jpeg; path = stmarylake_feature.jpg; sourceTree = "<group>"; };
		F9820B7624322926001F2203 /* turtlerock_feature.jpg */ = {isa = PBXFileReference; lastKnownFileType = image.jpeg; path = turtlerock_feature.jpg; sourceTree = "<group>"; };
		F9820B7A24323346001F2203 /* PageControl.swift */ = {isa = PBXFileReference; lastKnownFileType = sourcecode.swift; path = PageControl.swift; sourceTree = "<group>"; };
		F9820B7E24326EBA001F2203 /* WatchSwiftUITutorial.app */ = {isa = PBXFileReference; explicitFileType = wrapper.application; includeInIndex = 0; path = WatchSwiftUITutorial.app; sourceTree = BUILT_PRODUCTS_DIR; };
		F9820B8124326EBA001F2203 /* Base */ = {isa = PBXFileReference; lastKnownFileType = file.storyboard; name = Base; path = Base.lproj/Interface.storyboard; sourceTree = "<group>"; };
		F9820B8324326EC0001F2203 /* Assets.xcassets */ = {isa = PBXFileReference; lastKnownFileType = folder.assetcatalog; path = Assets.xcassets; sourceTree = "<group>"; };
		F9820B8524326EC0001F2203 /* Info.plist */ = {isa = PBXFileReference; lastKnownFileType = text.plist.xml; path = Info.plist; sourceTree = "<group>"; };
		F9820B8A24326EC1001F2203 /* WatchSwiftUITutorial Extension.appex */ = {isa = PBXFileReference; explicitFileType = "wrapper.app-extension"; includeInIndex = 0; path = "WatchSwiftUITutorial Extension.appex"; sourceTree = BUILT_PRODUCTS_DIR; };
		F9820B8F24326EC1001F2203 /* ContentView.swift */ = {isa = PBXFileReference; lastKnownFileType = sourcecode.swift; path = ContentView.swift; sourceTree = "<group>"; };
		F9820B9124326EC1001F2203 /* HostingController.swift */ = {isa = PBXFileReference; lastKnownFileType = sourcecode.swift; path = HostingController.swift; sourceTree = "<group>"; };
		F9820B9324326EC1001F2203 /* ExtensionDelegate.swift */ = {isa = PBXFileReference; lastKnownFileType = sourcecode.swift; path = ExtensionDelegate.swift; sourceTree = "<group>"; };
		F9820B9524326EC1001F2203 /* NotificationController.swift */ = {isa = PBXFileReference; lastKnownFileType = sourcecode.swift; path = NotificationController.swift; sourceTree = "<group>"; };
		F9820B9724326EC1001F2203 /* NotificationView.swift */ = {isa = PBXFileReference; lastKnownFileType = sourcecode.swift; path = NotificationView.swift; sourceTree = "<group>"; };
		F9820B9924326EC3001F2203 /* Assets.xcassets */ = {isa = PBXFileReference; lastKnownFileType = folder.assetcatalog; path = Assets.xcassets; sourceTree = "<group>"; };
		F9820B9C24326EC3001F2203 /* Preview Assets.xcassets */ = {isa = PBXFileReference; lastKnownFileType = folder.assetcatalog; path = "Preview Assets.xcassets"; sourceTree = "<group>"; };
		F9820B9E24326EC3001F2203 /* Info.plist */ = {isa = PBXFileReference; lastKnownFileType = text.plist.xml; path = Info.plist; sourceTree = "<group>"; };
		F9820B9F24326EC3001F2203 /* PushNotificationPayload.apns */ = {isa = PBXFileReference; lastKnownFileType = text; path = PushNotificationPayload.apns; sourceTree = "<group>"; };
		F98AB2E22435E1990059DC8C /* Filter.swift */ = {isa = PBXFileReference; lastKnownFileType = sourcecode.swift; path = Filter.swift; sourceTree = "<group>"; };
		F98AB2E42435EA010059DC8C /* NavigationMaster.swift */ = {isa = PBXFileReference; lastKnownFileType = sourcecode.swift; path = NavigationMaster.swift; sourceTree = "<group>"; };
		F99E5481242A2D67009ED0F4 /* charleyrivers.jpg */ = {isa = PBXFileReference; lastKnownFileType = image.jpeg; path = charleyrivers.jpg; sourceTree = "<group>"; };
		F99E5485242A3442009ED0F4 /* UserData.swift */ = {isa = PBXFileReference; lastKnownFileType = sourcecode.swift; path = UserData.swift; sourceTree = "<group>"; };
		F99E5488242AB9A3009ED0F4 /* HexagonParameters.swift */ = {isa = PBXFileReference; lastKnownFileType = sourcecode.swift; path = HexagonParameters.swift; sourceTree = "<group>"; };
		F99E548A242ABA1C009ED0F4 /* Badge.swift */ = {isa = PBXFileReference; lastKnownFileType = sourcecode.swift; path = Badge.swift; sourceTree = "<group>"; };
		F99E548C242ABF22009ED0F4 /* BadgeBackground.swift */ = {isa = PBXFileReference; lastKnownFileType = sourcecode.swift; path = BadgeBackground.swift; sourceTree = "<group>"; };
		F99E548E242ABFFE009ED0F4 /* BadgeSymbol.swift */ = {isa = PBXFileReference; lastKnownFileType = sourcecode.swift; path = BadgeSymbol.swift; sourceTree = "<group>"; };
		F99E5490242AC192009ED0F4 /* RotatedBadgeSymbolView.swift */ = {isa = PBXFileReference; lastKnownFileType = sourcecode.swift; path = RotatedBadgeSymbolView.swift; sourceTree = "<group>"; };
		F9AEEBDD242B9BCF004C1464 /* HikeView.swift */ = {isa = PBXFileReference; lastKnownFileType = sourcecode.swift; path = HikeView.swift; sourceTree = "<group>"; };
		F9AEEBDF242B9C08004C1464 /* Hike.swift */ = {isa = PBXFileReference; lastKnownFileType = sourcecode.swift; path = Hike.swift; sourceTree = "<group>"; };
		F9AEEBE1242B9C4A004C1464 /* HikeDetail.swift */ = {isa = PBXFileReference; lastKnownFileType = sourcecode.swift; path = HikeDetail.swift; sourceTree = "<group>"; };
		F9AEEBE3242B9CBA004C1464 /* hikeData.json */ = {isa = PBXFileReference; fileEncoding = 4; lastKnownFileType = text.json; path = hikeData.json; sourceTree = "<group>"; };
		F9AEEBE5242B9CEE004C1464 /* HikeGraph.swift */ = {isa = PBXFileReference; lastKnownFileType = sourcecode.swift; path = HikeGraph.swift; sourceTree = "<group>"; };
		F9AEEBE7242B9D13004C1464 /* GraphCapsule.swift */ = {isa = PBXFileReference; lastKnownFileType = sourcecode.swift; path = GraphCapsule.swift; sourceTree = "<group>"; };
		F9B5376A2422EE1200B19A95 /* swiftUiTutorial.app */ = {isa = PBXFileReference; explicitFileType = wrapper.application; includeInIndex = 0; path = swiftUiTutorial.app; sourceTree = BUILT_PRODUCTS_DIR; };
		F9B5376D2422EE1200B19A95 /* AppDelegate.swift */ = {isa = PBXFileReference; lastKnownFileType = sourcecode.swift; path = AppDelegate.swift; sourceTree = "<group>"; };
		F9B5376F2422EE1200B19A95 /* SceneDelegate.swift */ = {isa = PBXFileReference; lastKnownFileType = sourcecode.swift; path = SceneDelegate.swift; sourceTree = "<group>"; };
		F9B537712422EE1200B19A95 /* LandmarkDetail.swift */ = {isa = PBXFileReference; lastKnownFileType = sourcecode.swift; path = LandmarkDetail.swift; sourceTree = "<group>"; };
		F9B537732422EE1500B19A95 /* Assets.xcassets */ = {isa = PBXFileReference; lastKnownFileType = folder.assetcatalog; path = Assets.xcassets; sourceTree = "<group>"; };
		F9B537762422EE1500B19A95 /* Preview Assets.xcassets */ = {isa = PBXFileReference; lastKnownFileType = folder.assetcatalog; path = "Preview Assets.xcassets"; sourceTree = "<group>"; };
		F9B537792422EE1500B19A95 /* Base */ = {isa = PBXFileReference; lastKnownFileType = file.storyboard; name = Base; path = Base.lproj/LaunchScreen.storyboard; sourceTree = "<group>"; };
		F9B5377B2422EE1500B19A95 /* Info.plist */ = {isa = PBXFileReference; lastKnownFileType = text.plist.xml; path = Info.plist; sourceTree = "<group>"; };
		F9B537802422EE1500B19A95 /* swiftUiTutorialTests.xctest */ = {isa = PBXFileReference; explicitFileType = wrapper.cfbundle; includeInIndex = 0; path = swiftUiTutorialTests.xctest; sourceTree = BUILT_PRODUCTS_DIR; };
		F9B537842422EE1500B19A95 /* swiftUiTutorialTests.swift */ = {isa = PBXFileReference; lastKnownFileType = sourcecode.swift; path = swiftUiTutorialTests.swift; sourceTree = "<group>"; };
		F9B537862422EE1500B19A95 /* Info.plist */ = {isa = PBXFileReference; lastKnownFileType = text.plist.xml; path = Info.plist; sourceTree = "<group>"; };
		F9B5378B2422EE1500B19A95 /* swiftUiTutorialUITests.xctest */ = {isa = PBXFileReference; explicitFileType = wrapper.cfbundle; includeInIndex = 0; path = swiftUiTutorialUITests.xctest; sourceTree = BUILT_PRODUCTS_DIR; };
		F9B5378F2422EE1500B19A95 /* swiftUiTutorialUITests.swift */ = {isa = PBXFileReference; lastKnownFileType = sourcecode.swift; path = swiftUiTutorialUITests.swift; sourceTree = "<group>"; };
		F9B537912422EE1500B19A95 /* Info.plist */ = {isa = PBXFileReference; lastKnownFileType = text.plist.xml; path = Info.plist; sourceTree = "<group>"; };
		F9D665BF2433E4C600E739BD /* WatchMapView.swift */ = {isa = PBXFileReference; lastKnownFileType = sourcecode.swift; path = WatchMapView.swift; sourceTree = "<group>"; };
		F9E9B8F3243529E900D4184A /* MacLandmarks.app */ = {isa = PBXFileReference; explicitFileType = wrapper.application; includeInIndex = 0; path = MacLandmarks.app; sourceTree = BUILT_PRODUCTS_DIR; };
		F9E9B8F5243529E900D4184A /* AppDelegate.swift */ = {isa = PBXFileReference; lastKnownFileType = sourcecode.swift; path = AppDelegate.swift; sourceTree = "<group>"; };
		F9E9B8F7243529E900D4184A /* ContentView.swift */ = {isa = PBXFileReference; lastKnownFileType = sourcecode.swift; path = ContentView.swift; sourceTree = "<group>"; };
		F9E9B8F9243529EE00D4184A /* Assets.xcassets */ = {isa = PBXFileReference; lastKnownFileType = folder.assetcatalog; path = Assets.xcassets; sourceTree = "<group>"; };
		F9E9B8FC243529EE00D4184A /* Preview Assets.xcassets */ = {isa = PBXFileReference; lastKnownFileType = folder.assetcatalog; path = "Preview Assets.xcassets"; sourceTree = "<group>"; };
		F9E9B8FF243529EF00D4184A /* Base */ = {isa = PBXFileReference; lastKnownFileType = file.storyboard; name = Base; path = Base.lproj/Main.storyboard; sourceTree = "<group>"; };
		F9E9B901243529EF00D4184A /* Info.plist */ = {isa = PBXFileReference; lastKnownFileType = text.plist.xml; path = Info.plist; sourceTree = "<group>"; };
		F9E9B902243529EF00D4184A /* MacLandmarks.entitlements */ = {isa = PBXFileReference; lastKnownFileType = text.plist.entitlements; path = MacLandmarks.entitlements; sourceTree = "<group>"; };
		F9E9B907243529EF00D4184A /* MacLandmarksTests.xctest */ = {isa = PBXFileReference; explicitFileType = wrapper.cfbundle; includeInIndex = 0; path = MacLandmarksTests.xctest; sourceTree = BUILT_PRODUCTS_DIR; };
		F9E9B90B243529EF00D4184A /* MacLandmarksTests.swift */ = {isa = PBXFileReference; lastKnownFileType = sourcecode.swift; path = MacLandmarksTests.swift; sourceTree = "<group>"; };
		F9E9B90D243529EF00D4184A /* Info.plist */ = {isa = PBXFileReference; lastKnownFileType = text.plist.xml; path = Info.plist; sourceTree = "<group>"; };
		F9E9B912243529EF00D4184A /* MacLandmarksUITests.xctest */ = {isa = PBXFileReference; explicitFileType = wrapper.cfbundle; includeInIndex = 0; path = MacLandmarksUITests.xctest; sourceTree = BUILT_PRODUCTS_DIR; };
		F9E9B916243529EF00D4184A /* MacLandmarksUITests.swift */ = {isa = PBXFileReference; lastKnownFileType = sourcecode.swift; path = MacLandmarksUITests.swift; sourceTree = "<group>"; };
		F9E9B918243529EF00D4184A /* Info.plist */ = {isa = PBXFileReference; lastKnownFileType = text.plist.xml; path = Info.plist; sourceTree = "<group>"; };
		F9E9B94E24353D8400D4184A /* LandmarkRow.swift */ = {isa = PBXFileReference; lastKnownFileType = sourcecode.swift; path = LandmarkRow.swift; sourceTree = "<group>"; };
		F9E9B9502435400800D4184A /* LandmarkList.swift */ = {isa = PBXFileReference; lastKnownFileType = sourcecode.swift; path = LandmarkList.swift; sourceTree = "<group>"; };
/* End PBXFileReference section */

/* Begin PBXFrameworksBuildPhase section */
		F9820B8724326EC1001F2203 /* Frameworks */ = {
			isa = PBXFrameworksBuildPhase;
			buildActionMask = 2147483647;
			files = (
			);
			runOnlyForDeploymentPostprocessing = 0;
		};
		F9B537672422EE1200B19A95 /* Frameworks */ = {
			isa = PBXFrameworksBuildPhase;
			buildActionMask = 2147483647;
			files = (
			);
			runOnlyForDeploymentPostprocessing = 0;
		};
		F9B5377D2422EE1500B19A95 /* Frameworks */ = {
			isa = PBXFrameworksBuildPhase;
			buildActionMask = 2147483647;
			files = (
			);
			runOnlyForDeploymentPostprocessing = 0;
		};
		F9B537882422EE1500B19A95 /* Frameworks */ = {
			isa = PBXFrameworksBuildPhase;
			buildActionMask = 2147483647;
			files = (
			);
			runOnlyForDeploymentPostprocessing = 0;
		};
		F9E9B8F0243529E900D4184A /* Frameworks */ = {
			isa = PBXFrameworksBuildPhase;
			buildActionMask = 2147483647;
			files = (
			);
			runOnlyForDeploymentPostprocessing = 0;
		};
		F9E9B904243529EF00D4184A /* Frameworks */ = {
			isa = PBXFrameworksBuildPhase;
			buildActionMask = 2147483647;
			files = (
			);
			runOnlyForDeploymentPostprocessing = 0;
		};
		F9E9B90F243529EF00D4184A /* Frameworks */ = {
			isa = PBXFrameworksBuildPhase;
			buildActionMask = 2147483647;
			files = (
			);
			runOnlyForDeploymentPostprocessing = 0;
		};
/* End PBXFrameworksBuildPhase section */

/* Begin PBXGroup section */
		F9702D832428F84400C9EE70 /* Models */ = {
			isa = PBXGroup;
			children = (
				F9820B6224320542001F2203 /* Profile.swift */,
				F9702D842428F8AB00C9EE70 /* Landmark.swift */,
				F99E5485242A3442009ED0F4 /* UserData.swift */,
				F9702D862428FA0100C9EE70 /* Data.swift */,
				F9AEEBDF242B9C08004C1464 /* Hike.swift */,
			);
			path = Models;
			sourceTree = "<group>";
		};
		F9702D8C24290E9000C9EE70 /* Resources */ = {
			isa = PBXGroup;
			children = (
				F9820B7424322926001F2203 /* charleyrivers_feature.jpg */,
				F9820B7524322926001F2203 /* stmarylake_feature.jpg */,
				F9820B7624322926001F2203 /* turtlerock_feature.jpg */,
				F9AEEBE3242B9CBA004C1464 /* hikeData.json */,
				F99E5481242A2D67009ED0F4 /* charleyrivers.jpg */,
				F9702D9124290EEF00C9EE70 /* chilkoottrail.jpg */,
				F9702D9224290EEF00C9EE70 /* chincoteague.jpg */,
				F9702D9824290EEF00C9EE70 /* hiddenlake.jpg */,
				F9702D9324290EEF00C9EE70 /* icybay.jpg */,
				F9702D8F24290EEF00C9EE70 /* lakemcdonald.jpg */,
				F9702D9524290EEF00C9EE70 /* landmarkData.json */,
				F9702D8E24290EEF00C9EE70 /* rainbowlake.jpg */,
				F9702D9024290EEF00C9EE70 /* silversalmoncreek.jpg */,
				F9702D9624290EEF00C9EE70 /* stmarylake.jpg */,
				F9702D9724290EEF00C9EE70 /* turtlerock.jpg */,
				F9702D9424290EEF00C9EE70 /* twinlake.jpg */,
				F9702D9924290EEF00C9EE70 /* umbagog.jpg */,
			);
			path = Resources;
			sourceTree = "<group>";
		};
		F9820B5D242D13A9001F2203 /* ComposingComplexInterfaces */ = {
			isa = PBXGroup;
			children = (
				F9820B5E242D146D001F2203 /* Home.swift */,
				F9820B60242D16A0001F2203 /* CategoryRow.swift */,
			);
			path = ComposingComplexInterfaces;
			sourceTree = "<group>";
		};
		F9820B6624320C85001F2203 /* Profile */ = {
			isa = PBXGroup;
			children = (
				F9820B6424320C6C001F2203 /* ProfileHost.swift */,
				F9820B6724320DA5001F2203 /* ProfileSummary.swift */,
				F9820B6924320E51001F2203 /* HikeBadge.swift */,
				F9820B6B24321B5E001F2203 /* ProfileEditor.swift */,
			);
			path = Profile;
			sourceTree = "<group>";
		};
		F9820B6D24322162001F2203 /* UiKitInterfacing */ = {
			isa = PBXGroup;
			children = (
				F9820B6E2432219B001F2203 /* PageViewController.swift */,
				F9820B7024322366001F2203 /* PageView.swift */,
				F9820B7A24323346001F2203 /* PageControl.swift */,
			);
			path = UiKitInterfacing;
			sourceTree = "<group>";
		};
		F9820B7F24326EBA001F2203 /* WatchSwiftUITutorial */ = {
			isa = PBXGroup;
			children = (
				F9820B8024326EBA001F2203 /* Interface.storyboard */,
				F9820B8324326EC0001F2203 /* Assets.xcassets */,
				F9820B8524326EC0001F2203 /* Info.plist */,
			);
			path = WatchSwiftUITutorial;
			sourceTree = "<group>";
		};
		F9820B8E24326EC1001F2203 /* WatchSwiftUITutorial Extension */ = {
			isa = PBXGroup;
			children = (
				F9820B8F24326EC1001F2203 /* ContentView.swift */,
				F9820B9124326EC1001F2203 /* HostingController.swift */,
				F9820B9324326EC1001F2203 /* ExtensionDelegate.swift */,
				F9820B9524326EC1001F2203 /* NotificationController.swift */,
				F9820B9724326EC1001F2203 /* NotificationView.swift */,
				F97DF9982433C0BA003AAF88 /* WatchLandmarkDetail.swift */,
				F9D665BF2433E4C600E739BD /* WatchMapView.swift */,
				F9820B9924326EC3001F2203 /* Assets.xcassets */,
				F9820B9E24326EC3001F2203 /* Info.plist */,
				F9820B9F24326EC3001F2203 /* PushNotificationPayload.apns */,
				F9820B9B24326EC3001F2203 /* Preview Content */,
			);
			path = "WatchSwiftUITutorial Extension";
			sourceTree = "<group>";
		};
		F9820B9B24326EC3001F2203 /* Preview Content */ = {
			isa = PBXGroup;
			children = (
				F9820B9C24326EC3001F2203 /* Preview Assets.xcassets */,
			);
			path = "Preview Content";
			sourceTree = "<group>";
		};
		F99E5487242AB928009ED0F4 /* SupportingViews */ = {
			isa = PBXGroup;
			children = (
				F9820B7224322451001F2203 /* FeatureCard.swift */,
				F9702D7F2427A4B800C9EE70 /* CircleImage.swift */,
				F9702D812427A6E200C9EE70 /* MapView.swift */,
			);
			path = SupportingViews;
			sourceTree = "<group>";
		};
		F9AEEBDB242B89AF004C1464 /* DrawingPathsAndShapes */ = {
			isa = PBXGroup;
			children = (
				F99E548A242ABA1C009ED0F4 /* Badge.swift */,
				F99E548E242ABFFE009ED0F4 /* BadgeSymbol.swift */,
				F99E5490242AC192009ED0F4 /* RotatedBadgeSymbolView.swift */,
				F99E548C242ABF22009ED0F4 /* BadgeBackground.swift */,
			);
			path = DrawingPathsAndShapes;
			sourceTree = "<group>";
		};
		F9AEEBDC242B9BA4004C1464 /* AnimatingViewsAndTransitions */ = {
			isa = PBXGroup;
			children = (
				F9AEEBDD242B9BCF004C1464 /* HikeView.swift */,
				F9AEEBE1242B9C4A004C1464 /* HikeDetail.swift */,
				F9AEEBE5242B9CEE004C1464 /* HikeGraph.swift */,
				F9AEEBE7242B9D13004C1464 /* GraphCapsule.swift */,
			);
			path = AnimatingViewsAndTransitions;
			sourceTree = "<group>";
		};
		F9B537612422EE1200B19A95 = {
			isa = PBXGroup;
			children = (
				F9B5376C2422EE1200B19A95 /* swiftUiTutorial */,
				F9B537832422EE1500B19A95 /* swiftUiTutorialTests */,
				F9B5378E2422EE1500B19A95 /* swiftUiTutorialUITests */,
				F9820B7F24326EBA001F2203 /* WatchSwiftUITutorial */,
				F9820B8E24326EC1001F2203 /* WatchSwiftUITutorial Extension */,
				F9E9B8F4243529E900D4184A /* MacLandmarks */,
				F9E9B90A243529EF00D4184A /* MacLandmarksTests */,
				F9E9B915243529EF00D4184A /* MacLandmarksUITests */,
				F9B5376B2422EE1200B19A95 /* Products */,
			);
			sourceTree = "<group>";
		};
		F9B5376B2422EE1200B19A95 /* Products */ = {
			isa = PBXGroup;
			children = (
				F9B5376A2422EE1200B19A95 /* swiftUiTutorial.app */,
				F9B537802422EE1500B19A95 /* swiftUiTutorialTests.xctest */,
				F9B5378B2422EE1500B19A95 /* swiftUiTutorialUITests.xctest */,
				F9820B7E24326EBA001F2203 /* WatchSwiftUITutorial.app */,
				F9820B8A24326EC1001F2203 /* WatchSwiftUITutorial Extension.appex */,
				F9E9B8F3243529E900D4184A /* MacLandmarks.app */,
				F9E9B907243529EF00D4184A /* MacLandmarksTests.xctest */,
				F9E9B912243529EF00D4184A /* MacLandmarksUITests.xctest */,
			);
			name = Products;
			sourceTree = "<group>";
		};
		F9B5376C2422EE1200B19A95 /* swiftUiTutorial */ = {
			isa = PBXGroup;
			children = (
				F9820B6D24322162001F2203 /* UiKitInterfacing */,
				F9820B6624320C85001F2203 /* Profile */,
				F9820B5D242D13A9001F2203 /* ComposingComplexInterfaces */,
				F9AEEBDC242B9BA4004C1464 /* AnimatingViewsAndTransitions */,
				F9AEEBDB242B89AF004C1464 /* DrawingPathsAndShapes */,
				F99E5487242AB928009ED0F4 /* SupportingViews */,
				F9702D8C24290E9000C9EE70 /* Resources */,
				F9702D832428F84400C9EE70 /* Models */,
				F9B5376D2422EE1200B19A95 /* AppDelegate.swift */,
				F9B5376F2422EE1200B19A95 /* SceneDelegate.swift */,
				F9B537712422EE1200B19A95 /* LandmarkDetail.swift */,
				F9702D8A24290D9700C9EE70 /* LandmarkRow.swift */,
				F9703B052429137E003E50BC /*  LandmarkList.swift */,
				F99E5488242AB9A3009ED0F4 /* HexagonParameters.swift */,
				F9B537732422EE1500B19A95 /* Assets.xcassets */,
				F9B537782422EE1500B19A95 /* LaunchScreen.storyboard */,
				F9B5377B2422EE1500B19A95 /* Info.plist */,
				F9B537752422EE1500B19A95 /* Preview Content */,
			);
			path = swiftUiTutorial;
			sourceTree = "<group>";
		};
		F9B537752422EE1500B19A95 /* Preview Content */ = {
			isa = PBXGroup;
			children = (
				F9B537762422EE1500B19A95 /* Preview Assets.xcassets */,
			);
			path = "Preview Content";
			sourceTree = "<group>";
		};
		F9B537832422EE1500B19A95 /* swiftUiTutorialTests */ = {
			isa = PBXGroup;
			children = (
				F9B537842422EE1500B19A95 /* swiftUiTutorialTests.swift */,
				F9B537862422EE1500B19A95 /* Info.plist */,
			);
			path = swiftUiTutorialTests;
			sourceTree = "<group>";
		};
		F9B5378E2422EE1500B19A95 /* swiftUiTutorialUITests */ = {
			isa = PBXGroup;
			children = (
				F9B5378F2422EE1500B19A95 /* swiftUiTutorialUITests.swift */,
				F9B537912422EE1500B19A95 /* Info.plist */,
			);
			path = swiftUiTutorialUITests;
			sourceTree = "<group>";
		};
		F9E9B8F4243529E900D4184A /* MacLandmarks */ = {
			isa = PBXGroup;
			children = (
				F9E9B8F5243529E900D4184A /* AppDelegate.swift */,
				F9E9B8F7243529E900D4184A /* ContentView.swift */,
				F9E9B8F9243529EE00D4184A /* Assets.xcassets */,
				F9E9B8FE243529EF00D4184A /* Main.storyboard */,
				F9E9B901243529EF00D4184A /* Info.plist */,
				F9E9B902243529EF00D4184A /* MacLandmarks.entitlements */,
				F9E9B8FB243529EE00D4184A /* Preview Content */,
				F9E9B94E24353D8400D4184A /* LandmarkRow.swift */,
				F9E9B9502435400800D4184A /* LandmarkList.swift */,
				F98AB2E22435E1990059DC8C /* Filter.swift */,
				F98AB2E42435EA010059DC8C /* NavigationMaster.swift */,
			);
			path = MacLandmarks;
			sourceTree = "<group>";
		};
		F9E9B8FB243529EE00D4184A /* Preview Content */ = {
			isa = PBXGroup;
			children = (
				F9E9B8FC243529EE00D4184A /* Preview Assets.xcassets */,
			);
			path = "Preview Content";
			sourceTree = "<group>";
		};
		F9E9B90A243529EF00D4184A /* MacLandmarksTests */ = {
			isa = PBXGroup;
			children = (
				F9E9B90B243529EF00D4184A /* MacLandmarksTests.swift */,
				F9E9B90D243529EF00D4184A /* Info.plist */,
			);
			path = MacLandmarksTests;
			sourceTree = "<group>";
		};
		F9E9B915243529EF00D4184A /* MacLandmarksUITests */ = {
			isa = PBXGroup;
			children = (
				F9E9B916243529EF00D4184A /* MacLandmarksUITests.swift */,
				F9E9B918243529EF00D4184A /* Info.plist */,
			);
			path = MacLandmarksUITests;
			sourceTree = "<group>";
		};
/* End PBXGroup section */

/* Begin PBXNativeTarget section */
		F9820B7D24326EBA001F2203 /* WatchSwiftUITutorial */ = {
			isa = PBXNativeTarget;
			buildConfigurationList = F9820BAA24326EC3001F2203 /* Build configuration list for PBXNativeTarget "WatchSwiftUITutorial" */;
			buildPhases = (
				F9820B7C24326EBA001F2203 /* Resources */,
				F9820BA624326EC3001F2203 /* Embed App Extensions */,
			);
			buildRules = (
			);
			dependencies = (
				F9820B8D24326EC1001F2203 /* PBXTargetDependency */,
			);
			name = WatchSwiftUITutorial;
			productName = WatchSwiftUITutorial;
			productReference = F9820B7E24326EBA001F2203 /* WatchSwiftUITutorial.app */;
			productType = "com.apple.product-type.application.watchapp2";
		};
		F9820B8924326EC1001F2203 /* WatchSwiftUITutorial Extension */ = {
			isa = PBXNativeTarget;
			buildConfigurationList = F9820BA924326EC3001F2203 /* Build configuration list for PBXNativeTarget "WatchSwiftUITutorial Extension" */;
			buildPhases = (
				F9820B8624326EC1001F2203 /* Sources */,
				F9820B8724326EC1001F2203 /* Frameworks */,
				F9820B8824326EC1001F2203 /* Resources */,
			);
			buildRules = (
			);
			dependencies = (
			);
			name = "WatchSwiftUITutorial Extension";
			productName = "WatchSwiftUITutorial Extension";
			productReference = F9820B8A24326EC1001F2203 /* WatchSwiftUITutorial Extension.appex */;
			productType = "com.apple.product-type.watchkit2-extension";
		};
		F9B537692422EE1200B19A95 /* swiftUiTutorial */ = {
			isa = PBXNativeTarget;
			buildConfigurationList = F9B537942422EE1500B19A95 /* Build configuration list for PBXNativeTarget "swiftUiTutorial" */;
			buildPhases = (
				F9B537662422EE1200B19A95 /* Sources */,
				F9B537672422EE1200B19A95 /* Frameworks */,
				F9B537682422EE1200B19A95 /* Resources */,
				F9820BA324326EC3001F2203 /* Embed Watch Content */,
			);
			buildRules = (
			);
			dependencies = (
				F9820BA124326EC3001F2203 /* PBXTargetDependency */,
			);
			name = swiftUiTutorial;
			productName = swiftUiTutorial;
			productReference = F9B5376A2422EE1200B19A95 /* swiftUiTutorial.app */;
			productType = "com.apple.product-type.application";
		};
		F9B5377F2422EE1500B19A95 /* swiftUiTutorialTests */ = {
			isa = PBXNativeTarget;
			buildConfigurationList = F9B537972422EE1500B19A95 /* Build configuration list for PBXNativeTarget "swiftUiTutorialTests" */;
			buildPhases = (
				F9B5377C2422EE1500B19A95 /* Sources */,
				F9B5377D2422EE1500B19A95 /* Frameworks */,
				F9B5377E2422EE1500B19A95 /* Resources */,
			);
			buildRules = (
			);
			dependencies = (
				F9B537822422EE1500B19A95 /* PBXTargetDependency */,
			);
			name = swiftUiTutorialTests;
			productName = swiftUiTutorialTests;
			productReference = F9B537802422EE1500B19A95 /* swiftUiTutorialTests.xctest */;
			productType = "com.apple.product-type.bundle.unit-test";
		};
		F9B5378A2422EE1500B19A95 /* swiftUiTutorialUITests */ = {
			isa = PBXNativeTarget;
			buildConfigurationList = F9B5379A2422EE1500B19A95 /* Build configuration list for PBXNativeTarget "swiftUiTutorialUITests" */;
			buildPhases = (
				F9B537872422EE1500B19A95 /* Sources */,
				F9B537882422EE1500B19A95 /* Frameworks */,
				F9B537892422EE1500B19A95 /* Resources */,
			);
			buildRules = (
			);
			dependencies = (
				F9B5378D2422EE1500B19A95 /* PBXTargetDependency */,
			);
			name = swiftUiTutorialUITests;
			productName = swiftUiTutorialUITests;
			productReference = F9B5378B2422EE1500B19A95 /* swiftUiTutorialUITests.xctest */;
			productType = "com.apple.product-type.bundle.ui-testing";
		};
		F9E9B8F2243529E900D4184A /* MacLandmarks */ = {
			isa = PBXNativeTarget;
			buildConfigurationList = F9E9B91F243529EF00D4184A /* Build configuration list for PBXNativeTarget "MacLandmarks" */;
			buildPhases = (
				F9E9B8EF243529E900D4184A /* Sources */,
				F9E9B8F0243529E900D4184A /* Frameworks */,
				F9E9B8F1243529E900D4184A /* Resources */,
			);
			buildRules = (
			);
			dependencies = (
			);
			name = MacLandmarks;
			productName = MacLandmarks;
			productReference = F9E9B8F3243529E900D4184A /* MacLandmarks.app */;
			productType = "com.apple.product-type.application";
		};
		F9E9B906243529EF00D4184A /* MacLandmarksTests */ = {
			isa = PBXNativeTarget;
			buildConfigurationList = F9E9B920243529EF00D4184A /* Build configuration list for PBXNativeTarget "MacLandmarksTests" */;
			buildPhases = (
				F9E9B903243529EF00D4184A /* Sources */,
				F9E9B904243529EF00D4184A /* Frameworks */,
				F9E9B905243529EF00D4184A /* Resources */,
			);
			buildRules = (
			);
			dependencies = (
				F9E9B909243529EF00D4184A /* PBXTargetDependency */,
			);
			name = MacLandmarksTests;
			productName = MacLandmarksTests;
			productReference = F9E9B907243529EF00D4184A /* MacLandmarksTests.xctest */;
			productType = "com.apple.product-type.bundle.unit-test";
		};
		F9E9B911243529EF00D4184A /* MacLandmarksUITests */ = {
			isa = PBXNativeTarget;
			buildConfigurationList = F9E9B921243529EF00D4184A /* Build configuration list for PBXNativeTarget "MacLandmarksUITests" */;
			buildPhases = (
				F9E9B90E243529EF00D4184A /* Sources */,
				F9E9B90F243529EF00D4184A /* Frameworks */,
				F9E9B910243529EF00D4184A /* Resources */,
			);
			buildRules = (
			);
			dependencies = (
				F9E9B914243529EF00D4184A /* PBXTargetDependency */,
			);
			name = MacLandmarksUITests;
			productName = MacLandmarksUITests;
			productReference = F9E9B912243529EF00D4184A /* MacLandmarksUITests.xctest */;
			productType = "com.apple.product-type.bundle.ui-testing";
		};
/* End PBXNativeTarget section */

/* Begin PBXProject section */
		F9B537622422EE1200B19A95 /* Project object */ = {
			isa = PBXProject;
			attributes = {
				LastSwiftUpdateCheck = 1140;
				LastUpgradeCheck = 1130;
				ORGANIZATIONNAME = "Prajakta Kulkarni";
				TargetAttributes = {
					F9820B7D24326EBA001F2203 = {
						CreatedOnToolsVersion = 11.4;
					};
					F9820B8924326EC1001F2203 = {
						CreatedOnToolsVersion = 11.4;
					};
					F9B537692422EE1200B19A95 = {
						CreatedOnToolsVersion = 11.3.1;
					};
					F9B5377F2422EE1500B19A95 = {
						CreatedOnToolsVersion = 11.3.1;
						TestTargetID = F9B537692422EE1200B19A95;
					};
					F9B5378A2422EE1500B19A95 = {
						CreatedOnToolsVersion = 11.3.1;
						TestTargetID = F9B537692422EE1200B19A95;
					};
					F9E9B8F2243529E900D4184A = {
						CreatedOnToolsVersion = 11.4;
					};
					F9E9B906243529EF00D4184A = {
						CreatedOnToolsVersion = 11.4;
						TestTargetID = F9E9B8F2243529E900D4184A;
					};
					F9E9B911243529EF00D4184A = {
						CreatedOnToolsVersion = 11.4;
						TestTargetID = F9E9B8F2243529E900D4184A;
					};
				};
			};
			buildConfigurationList = F9B537652422EE1200B19A95 /* Build configuration list for PBXProject "swiftUiTutorial" */;
			compatibilityVersion = "Xcode 9.3";
			developmentRegion = en;
			hasScannedForEncodings = 0;
			knownRegions = (
				en,
				Base,
			);
			mainGroup = F9B537612422EE1200B19A95;
			productRefGroup = F9B5376B2422EE1200B19A95 /* Products */;
			projectDirPath = "";
			projectRoot = "";
			targets = (
				F9B537692422EE1200B19A95 /* swiftUiTutorial */,
				F9B5377F2422EE1500B19A95 /* swiftUiTutorialTests */,
				F9B5378A2422EE1500B19A95 /* swiftUiTutorialUITests */,
				F9820B7D24326EBA001F2203 /* WatchSwiftUITutorial */,
				F9820B8924326EC1001F2203 /* WatchSwiftUITutorial Extension */,
				F9E9B8F2243529E900D4184A /* MacLandmarks */,
				F9E9B906243529EF00D4184A /* MacLandmarksTests */,
				F9E9B911243529EF00D4184A /* MacLandmarksUITests */,
			);
		};
/* End PBXProject section */

/* Begin PBXResourcesBuildPhase section */
		F9820B7C24326EBA001F2203 /* Resources */ = {
			isa = PBXResourcesBuildPhase;
			buildActionMask = 2147483647;
			files = (
				F9820B8424326EC0001F2203 /* Assets.xcassets in Resources */,
				F9820BB224327C87001F2203 /* Assets.xcassets in Resources */,
				F9820B8224326EBA001F2203 /* Interface.storyboard in Resources */,
			);
			runOnlyForDeploymentPostprocessing = 0;
		};
		F9820B8824326EC1001F2203 /* Resources */ = {
			isa = PBXResourcesBuildPhase;
			buildActionMask = 2147483647;
			files = (
				F9820BBF24327F96001F2203 /* silversalmoncreek.jpg in Resources */,
				F9820BB724327F96001F2203 /* charleyrivers.jpg in Resources */,
				F9820BB824327F96001F2203 /* chilkoottrail.jpg in Resources */,
				F9820BB324327F96001F2203 /* charleyrivers_feature.jpg in Resources */,
				F9820BB924327F96001F2203 /* chincoteague.jpg in Resources */,
				F9820BC324327F96001F2203 /* umbagog.jpg in Resources */,
				F9820BBD24327F96001F2203 /* landmarkData.json in Resources */,
				F9820BC224327F96001F2203 /* twinlake.jpg in Resources */,
				F9820BBB24327F96001F2203 /* icybay.jpg in Resources */,
				F9820BB424327F96001F2203 /* stmarylake_feature.jpg in Resources */,
				F9820BBE24327F96001F2203 /* rainbowlake.jpg in Resources */,
				F9820BBC24327F96001F2203 /* lakemcdonald.jpg in Resources */,
				F9820BC024327F96001F2203 /* stmarylake.jpg in Resources */,
				F9820B9D24326EC3001F2203 /* Preview Assets.xcassets in Resources */,
				F9820B9A24326EC3001F2203 /* Assets.xcassets in Resources */,
				F9820BB624327F96001F2203 /* hikeData.json in Resources */,
				F9820BBA24327F96001F2203 /* hiddenlake.jpg in Resources */,
				F9820BC124327F96001F2203 /* turtlerock.jpg in Resources */,
				F9820BB524327F96001F2203 /* turtlerock_feature.jpg in Resources */,
			);
			runOnlyForDeploymentPostprocessing = 0;
		};
		F9B537682422EE1200B19A95 /* Resources */ = {
			isa = PBXResourcesBuildPhase;
			buildActionMask = 2147483647;
			files = (
				F9702D9C24290EEF00C9EE70 /* lakemcdonald.jpg in Resources */,
				F9702D9E24290EEF00C9EE70 /* chilkoottrail.jpg in Resources */,
				F9AEEBE4242B9CBA004C1464 /* hikeData.json in Resources */,
				F9702DA424290EEF00C9EE70 /* turtlerock.jpg in Resources */,
				F99E5482242A2D67009ED0F4 /* charleyrivers.jpg in Resources */,
				F9B5377A2422EE1500B19A95 /* LaunchScreen.storyboard in Resources */,
				F9820B7724322926001F2203 /* charleyrivers_feature.jpg in Resources */,
				F9702DA324290EEF00C9EE70 /* stmarylake.jpg in Resources */,
				F9702D9F24290EEF00C9EE70 /* chincoteague.jpg in Resources */,
				F9702D9B24290EEF00C9EE70 /* rainbowlake.jpg in Resources */,
				F9702DA224290EEF00C9EE70 /* landmarkData.json in Resources */,
				F9820B7824322926001F2203 /* stmarylake_feature.jpg in Resources */,
				F9B537772422EE1500B19A95 /* Preview Assets.xcassets in Resources */,
				F9702D9D24290EEF00C9EE70 /* silversalmoncreek.jpg in Resources */,
				F9702DA024290EEF00C9EE70 /* icybay.jpg in Resources */,
				F9702DA624290EEF00C9EE70 /* umbagog.jpg in Resources */,
				F9B537742422EE1500B19A95 /* Assets.xcassets in Resources */,
				F9702DA524290EEF00C9EE70 /* hiddenlake.jpg in Resources */,
				F9702DA124290EEF00C9EE70 /* twinlake.jpg in Resources */,
				F9820B7924322926001F2203 /* turtlerock_feature.jpg in Resources */,
			);
			runOnlyForDeploymentPostprocessing = 0;
		};
		F9B5377E2422EE1500B19A95 /* Resources */ = {
			isa = PBXResourcesBuildPhase;
			buildActionMask = 2147483647;
			files = (
			);
			runOnlyForDeploymentPostprocessing = 0;
		};
		F9B537892422EE1500B19A95 /* Resources */ = {
			isa = PBXResourcesBuildPhase;
			buildActionMask = 2147483647;
			files = (
			);
			runOnlyForDeploymentPostprocessing = 0;
		};
		F9E9B8F1243529E900D4184A /* Resources */ = {
			isa = PBXResourcesBuildPhase;
			buildActionMask = 2147483647;
			files = (
				F9E9B900243529EF00D4184A /* Main.storyboard in Resources */,
				F9E9B94324352FE400D4184A /* rainbowlake.jpg in Resources */,
				F9E9B94624352FE400D4184A /* turtlerock.jpg in Resources */,
				F9E9B93D24352FE400D4184A /* chilkoottrail.jpg in Resources */,
				F9E9B94824352FE400D4184A /* umbagog.jpg in Resources */,
				F9E9B8FD243529EE00D4184A /* Preview Assets.xcassets in Resources */,
				F9E9B94724352FE400D4184A /* twinlake.jpg in Resources */,
				F9E9B94124352FE400D4184A /* lakemcdonald.jpg in Resources */,
				F9E9B93824352FE400D4184A /* charleyrivers_feature.jpg in Resources */,
				F9E9B93E24352FE400D4184A /* chincoteague.jpg in Resources */,
				F9E9B93F24352FE400D4184A /* hiddenlake.jpg in Resources */,
				F9E9B93C24352FE400D4184A /* charleyrivers.jpg in Resources */,
				F9E9B93924352FE400D4184A /* stmarylake_feature.jpg in Resources */,
				F9E9B94224352FE400D4184A /* landmarkData.json in Resources */,
				F9E9B8FA243529EE00D4184A /* Assets.xcassets in Resources */,
				F9E9B94524352FE400D4184A /* stmarylake.jpg in Resources */,
				F9E9B93B24352FE400D4184A /* hikeData.json in Resources */,
				F9E9B94424352FE400D4184A /* silversalmoncreek.jpg in Resources */,
				F9E9B94024352FE400D4184A /* icybay.jpg in Resources */,
				F9E9B93A24352FE400D4184A /* turtlerock_feature.jpg in Resources */,
			);
			runOnlyForDeploymentPostprocessing = 0;
		};
		F9E9B905243529EF00D4184A /* Resources */ = {
			isa = PBXResourcesBuildPhase;
			buildActionMask = 2147483647;
			files = (
			);
			runOnlyForDeploymentPostprocessing = 0;
		};
		F9E9B910243529EF00D4184A /* Resources */ = {
			isa = PBXResourcesBuildPhase;
			buildActionMask = 2147483647;
			files = (
			);
			runOnlyForDeploymentPostprocessing = 0;
		};
/* End PBXResourcesBuildPhase section */

/* Begin PBXSourcesBuildPhase section */
		F9820B8624326EC1001F2203 /* Sources */ = {
			isa = PBXSourcesBuildPhase;
			buildActionMask = 2147483647;
			files = (
				F9820B9224326EC1001F2203 /* HostingController.swift in Sources */,
				F9D665C12433EBEC00E739BD /*  LandmarkList.swift in Sources */,
				F9D665C02433E4C600E739BD /* WatchMapView.swift in Sources */,
				F9820BAF24327949001F2203 /* Data.swift in Sources */,
				F9820BB124327949001F2203 /* LandmarkRow.swift in Sources */,
				F9820B9024326EC1001F2203 /* ContentView.swift in Sources */,
				F9820B9624326EC1001F2203 /* NotificationController.swift in Sources */,
				F9820BB024327949001F2203 /* Hike.swift in Sources */,
				F9820BAE24327949001F2203 /* UserData.swift in Sources */,
				F9820BAD24327949001F2203 /* Landmark.swift in Sources */,
				F9820BAC24327949001F2203 /* Profile.swift in Sources */,
				F97DF9992433C0BA003AAF88 /* WatchLandmarkDetail.swift in Sources */,
				F9820B9424326EC1001F2203 /* ExtensionDelegate.swift in Sources */,
				F9820B9824326EC1001F2203 /* NotificationView.swift in Sources */,
				F9820BAB24327949001F2203 /* CircleImage.swift in Sources */,
			);
			runOnlyForDeploymentPostprocessing = 0;
		};
		F9B537662422EE1200B19A95 /* Sources */ = {
			isa = PBXSourcesBuildPhase;
			buildActionMask = 2147483647;
			files = (
				F9AEEBE8242B9D13004C1464 /* GraphCapsule.swift in Sources */,
				F9AEEBE0242B9C08004C1464 /* Hike.swift in Sources */,
				F9702D872428FA0100C9EE70 /* Data.swift in Sources */,
				F9820B6524320C6C001F2203 /* ProfileHost.swift in Sources */,
				F9820B7324322451001F2203 /* FeatureCard.swift in Sources */,
				F9820B6324320543001F2203 /* Profile.swift in Sources */,
				F99E548B242ABA1C009ED0F4 /* Badge.swift in Sources */,
				F9820B7124322366001F2203 /* PageView.swift in Sources */,
				F9AEEBE2242B9C4A004C1464 /* HikeDetail.swift in Sources */,
				F9AEEBE6242B9CEE004C1464 /* HikeGraph.swift in Sources */,
				F9703B062429137E003E50BC /*  LandmarkList.swift in Sources */,
				F99E5491242AC192009ED0F4 /* RotatedBadgeSymbolView.swift in Sources */,
				F9B5376E2422EE1200B19A95 /* AppDelegate.swift in Sources */,
				F9AEEBDE242B9BCF004C1464 /* HikeView.swift in Sources */,
				F9702D802427A4B800C9EE70 /* CircleImage.swift in Sources */,
				F99E5489242AB9A3009ED0F4 /* HexagonParameters.swift in Sources */,
				F9702D822427A6E200C9EE70 /* MapView.swift in Sources */,
				F9820B6F2432219B001F2203 /* PageViewController.swift in Sources */,
				F9820B5F242D146D001F2203 /* Home.swift in Sources */,
				F9820B6A24320E51001F2203 /* HikeBadge.swift in Sources */,
				F99E548F242ABFFE009ED0F4 /* BadgeSymbol.swift in Sources */,
				F9B537702422EE1200B19A95 /* SceneDelegate.swift in Sources */,
				F99E548D242ABF22009ED0F4 /* BadgeBackground.swift in Sources */,
				F9B537722422EE1200B19A95 /* LandmarkDetail.swift in Sources */,
				F9820B61242D16A0001F2203 /* CategoryRow.swift in Sources */,
				F9702D8B24290D9700C9EE70 /* LandmarkRow.swift in Sources */,
				F9820B6824320DA5001F2203 /* ProfileSummary.swift in Sources */,
				F9820B7B24323346001F2203 /* PageControl.swift in Sources */,
				F99E5486242A3442009ED0F4 /* UserData.swift in Sources */,
				F9702D852428F8AB00C9EE70 /* Landmark.swift in Sources */,
				F9820B6C24321B5E001F2203 /* ProfileEditor.swift in Sources */,
			);
			runOnlyForDeploymentPostprocessing = 0;
		};
		F9B5377C2422EE1500B19A95 /* Sources */ = {
			isa = PBXSourcesBuildPhase;
			buildActionMask = 2147483647;
			files = (
				F9B537852422EE1500B19A95 /* swiftUiTutorialTests.swift in Sources */,
			);
			runOnlyForDeploymentPostprocessing = 0;
		};
		F9B537872422EE1500B19A95 /* Sources */ = {
			isa = PBXSourcesBuildPhase;
			buildActionMask = 2147483647;
			files = (
				F9B537902422EE1500B19A95 /* swiftUiTutorialUITests.swift in Sources */,
			);
			runOnlyForDeploymentPostprocessing = 0;
		};
		F9E9B8EF243529E900D4184A /* Sources */ = {
			isa = PBXSourcesBuildPhase;
			buildActionMask = 2147483647;
			files = (
				F9E9B8F8243529E900D4184A /* ContentView.swift in Sources */,
				F98AB2E32435E1990059DC8C /* Filter.swift in Sources */,
				F9E9B94C24352FE400D4184A /* Data.swift in Sources */,
				F9E9B94924352FE400D4184A /* Profile.swift in Sources */,
				F98AB2E72435EC6F0059DC8C /* MapView.swift in Sources */,
				F9E9B94D24352FE400D4184A /* Hike.swift in Sources */,
				F98AB2E62435EBB80059DC8C /* CircleImage.swift in Sources */,
				F9E9B9512435400800D4184A /* LandmarkList.swift in Sources */,
				F9E9B8F6243529E900D4184A /* AppDelegate.swift in Sources */,
				F9E9B94B24352FE400D4184A /* UserData.swift in Sources */,
				F9E9B94F24353D8400D4184A /* LandmarkRow.swift in Sources */,
				F98AB2E52435EA010059DC8C /* NavigationMaster.swift in Sources */,
				F9E9B94A24352FE400D4184A /* Landmark.swift in Sources */,
			);
			runOnlyForDeploymentPostprocessing = 0;
		};
		F9E9B903243529EF00D4184A /* Sources */ = {
			isa = PBXSourcesBuildPhase;
			buildActionMask = 2147483647;
			files = (
				F9E9B90C243529EF00D4184A /* MacLandmarksTests.swift in Sources */,
			);
			runOnlyForDeploymentPostprocessing = 0;
		};
		F9E9B90E243529EF00D4184A /* Sources */ = {
			isa = PBXSourcesBuildPhase;
			buildActionMask = 2147483647;
			files = (
				F9E9B917243529EF00D4184A /* MacLandmarksUITests.swift in Sources */,
			);
			runOnlyForDeploymentPostprocessing = 0;
		};
/* End PBXSourcesBuildPhase section */

/* Begin PBXTargetDependency section */
		F9820B8D24326EC1001F2203 /* PBXTargetDependency */ = {
			isa = PBXTargetDependency;
			target = F9820B8924326EC1001F2203 /* WatchSwiftUITutorial Extension */;
			targetProxy = F9820B8C24326EC1001F2203 /* PBXContainerItemProxy */;
		};
		F9820BA124326EC3001F2203 /* PBXTargetDependency */ = {
			isa = PBXTargetDependency;
			target = F9820B7D24326EBA001F2203 /* WatchSwiftUITutorial */;
			targetProxy = F9820BA024326EC3001F2203 /* PBXContainerItemProxy */;
		};
		F9B537822422EE1500B19A95 /* PBXTargetDependency */ = {
			isa = PBXTargetDependency;
			target = F9B537692422EE1200B19A95 /* swiftUiTutorial */;
			targetProxy = F9B537812422EE1500B19A95 /* PBXContainerItemProxy */;
		};
		F9B5378D2422EE1500B19A95 /* PBXTargetDependency */ = {
			isa = PBXTargetDependency;
			target = F9B537692422EE1200B19A95 /* swiftUiTutorial */;
			targetProxy = F9B5378C2422EE1500B19A95 /* PBXContainerItemProxy */;
		};
		F9E9B909243529EF00D4184A /* PBXTargetDependency */ = {
			isa = PBXTargetDependency;
			target = F9E9B8F2243529E900D4184A /* MacLandmarks */;
			targetProxy = F9E9B908243529EF00D4184A /* PBXContainerItemProxy */;
		};
		F9E9B914243529EF00D4184A /* PBXTargetDependency */ = {
			isa = PBXTargetDependency;
			target = F9E9B8F2243529E900D4184A /* MacLandmarks */;
			targetProxy = F9E9B913243529EF00D4184A /* PBXContainerItemProxy */;
		};
/* End PBXTargetDependency section */

/* Begin PBXVariantGroup section */
		F9820B8024326EBA001F2203 /* Interface.storyboard */ = {
			isa = PBXVariantGroup;
			children = (
				F9820B8124326EBA001F2203 /* Base */,
			);
			name = Interface.storyboard;
			sourceTree = "<group>";
		};
		F9B537782422EE1500B19A95 /* LaunchScreen.storyboard */ = {
			isa = PBXVariantGroup;
			children = (
				F9B537792422EE1500B19A95 /* Base */,
			);
			name = LaunchScreen.storyboard;
			sourceTree = "<group>";
		};
		F9E9B8FE243529EF00D4184A /* Main.storyboard */ = {
			isa = PBXVariantGroup;
			children = (
				F9E9B8FF243529EF00D4184A /* Base */,
			);
			name = Main.storyboard;
			sourceTree = "<group>";
		};
/* End PBXVariantGroup section */

/* Begin XCBuildConfiguration section */
		F9820BA424326EC3001F2203 /* Debug */ = {
			isa = XCBuildConfiguration;
			buildSettings = {
				ALWAYS_EMBED_SWIFT_STANDARD_LIBRARIES = YES;
				ASSETCATALOG_COMPILER_APPICON_NAME = AppIcon;
				CODE_SIGN_STYLE = Automatic;
				DEVELOPMENT_TEAM = 6AC44Z6PNA;
				IBSC_MODULE = WatchSwiftUITutorial_Extension;
				INFOPLIST_FILE = WatchSwiftUITutorial/Info.plist;
				PRODUCT_BUNDLE_IDENTIFIER = com.pk.swiftUiTutorial.watchkitapp;
				PRODUCT_NAME = "$(TARGET_NAME)";
				SDKROOT = watchos;
				SKIP_INSTALL = YES;
				SWIFT_VERSION = 5.0;
				TARGETED_DEVICE_FAMILY = 4;
				WATCHOS_DEPLOYMENT_TARGET = 6.2;
			};
			name = Debug;
		};
		F9820BA524326EC3001F2203 /* Release */ = {
			isa = XCBuildConfiguration;
			buildSettings = {
				ALWAYS_EMBED_SWIFT_STANDARD_LIBRARIES = YES;
				ASSETCATALOG_COMPILER_APPICON_NAME = AppIcon;
				CODE_SIGN_STYLE = Automatic;
				DEVELOPMENT_TEAM = 6AC44Z6PNA;
				IBSC_MODULE = WatchSwiftUITutorial_Extension;
				INFOPLIST_FILE = WatchSwiftUITutorial/Info.plist;
				PRODUCT_BUNDLE_IDENTIFIER = com.pk.swiftUiTutorial.watchkitapp;
				PRODUCT_NAME = "$(TARGET_NAME)";
				SDKROOT = watchos;
				SKIP_INSTALL = YES;
				SWIFT_VERSION = 5.0;
				TARGETED_DEVICE_FAMILY = 4;
				WATCHOS_DEPLOYMENT_TARGET = 6.2;
			};
			name = Release;
		};
		F9820BA724326EC3001F2203 /* Debug */ = {
			isa = XCBuildConfiguration;
			buildSettings = {
				ASSETCATALOG_COMPILER_COMPLICATION_NAME = Complication;
				CODE_SIGN_STYLE = Automatic;
				DEVELOPMENT_ASSET_PATHS = "\"WatchSwiftUITutorial Extension/Preview Content\"";
				DEVELOPMENT_TEAM = 6AC44Z6PNA;
				ENABLE_PREVIEWS = YES;
				INFOPLIST_FILE = "WatchSwiftUITutorial Extension/Info.plist";
				LD_RUNPATH_SEARCH_PATHS = (
					"$(inherited)",
					"@executable_path/Frameworks",
					"@executable_path/../../Frameworks",
				);
				PRODUCT_BUNDLE_IDENTIFIER = com.pk.swiftUiTutorial.watchkitapp.watchkitextension;
				PRODUCT_NAME = "${TARGET_NAME}";
				SDKROOT = watchos;
				SKIP_INSTALL = YES;
				SWIFT_VERSION = 5.0;
				TARGETED_DEVICE_FAMILY = 4;
				WATCHOS_DEPLOYMENT_TARGET = 6.2;
			};
			name = Debug;
		};
		F9820BA824326EC3001F2203 /* Release */ = {
			isa = XCBuildConfiguration;
			buildSettings = {
				ASSETCATALOG_COMPILER_COMPLICATION_NAME = Complication;
				CODE_SIGN_STYLE = Automatic;
				DEVELOPMENT_ASSET_PATHS = "\"WatchSwiftUITutorial Extension/Preview Content\"";
				DEVELOPMENT_TEAM = 6AC44Z6PNA;
				ENABLE_PREVIEWS = YES;
				INFOPLIST_FILE = "WatchSwiftUITutorial Extension/Info.plist";
				LD_RUNPATH_SEARCH_PATHS = (
					"$(inherited)",
					"@executable_path/Frameworks",
					"@executable_path/../../Frameworks",
				);
				PRODUCT_BUNDLE_IDENTIFIER = com.pk.swiftUiTutorial.watchkitapp.watchkitextension;
				PRODUCT_NAME = "${TARGET_NAME}";
				SDKROOT = watchos;
				SKIP_INSTALL = YES;
				SWIFT_VERSION = 5.0;
				TARGETED_DEVICE_FAMILY = 4;
				WATCHOS_DEPLOYMENT_TARGET = 6.2;
			};
			name = Release;
		};
		F9B537922422EE1500B19A95 /* Debug */ = {
			isa = XCBuildConfiguration;
			buildSettings = {
				ALWAYS_SEARCH_USER_PATHS = NO;
				CLANG_ANALYZER_NONNULL = YES;
				CLANG_ANALYZER_NUMBER_OBJECT_CONVERSION = YES_AGGRESSIVE;
				CLANG_CXX_LANGUAGE_STANDARD = "gnu++14";
				CLANG_CXX_LIBRARY = "libc++";
				CLANG_ENABLE_MODULES = YES;
				CLANG_ENABLE_OBJC_ARC = YES;
				CLANG_ENABLE_OBJC_WEAK = YES;
				CLANG_WARN_BLOCK_CAPTURE_AUTORELEASING = YES;
				CLANG_WARN_BOOL_CONVERSION = YES;
				CLANG_WARN_COMMA = YES;
				CLANG_WARN_CONSTANT_CONVERSION = YES;
				CLANG_WARN_DEPRECATED_OBJC_IMPLEMENTATIONS = YES;
				CLANG_WARN_DIRECT_OBJC_ISA_USAGE = YES_ERROR;
				CLANG_WARN_DOCUMENTATION_COMMENTS = YES;
				CLANG_WARN_EMPTY_BODY = YES;
				CLANG_WARN_ENUM_CONVERSION = YES;
				CLANG_WARN_INFINITE_RECURSION = YES;
				CLANG_WARN_INT_CONVERSION = YES;
				CLANG_WARN_NON_LITERAL_NULL_CONVERSION = YES;
				CLANG_WARN_OBJC_IMPLICIT_RETAIN_SELF = YES;
				CLANG_WARN_OBJC_LITERAL_CONVERSION = YES;
				CLANG_WARN_OBJC_ROOT_CLASS = YES_ERROR;
				CLANG_WARN_RANGE_LOOP_ANALYSIS = YES;
				CLANG_WARN_STRICT_PROTOTYPES = YES;
				CLANG_WARN_SUSPICIOUS_MOVE = YES;
				CLANG_WARN_UNGUARDED_AVAILABILITY = YES_AGGRESSIVE;
				CLANG_WARN_UNREACHABLE_CODE = YES;
				CLANG_WARN__DUPLICATE_METHOD_MATCH = YES;
				COPY_PHASE_STRIP = NO;
				DEBUG_INFORMATION_FORMAT = dwarf;
				ENABLE_STRICT_OBJC_MSGSEND = YES;
				ENABLE_TESTABILITY = YES;
				GCC_C_LANGUAGE_STANDARD = gnu11;
				GCC_DYNAMIC_NO_PIC = NO;
				GCC_NO_COMMON_BLOCKS = YES;
				GCC_OPTIMIZATION_LEVEL = 0;
				GCC_PREPROCESSOR_DEFINITIONS = (
					"DEBUG=1",
					"$(inherited)",
				);
				GCC_WARN_64_TO_32_BIT_CONVERSION = YES;
				GCC_WARN_ABOUT_RETURN_TYPE = YES_ERROR;
				GCC_WARN_UNDECLARED_SELECTOR = YES;
				GCC_WARN_UNINITIALIZED_AUTOS = YES_AGGRESSIVE;
				GCC_WARN_UNUSED_FUNCTION = YES;
				GCC_WARN_UNUSED_VARIABLE = YES;
				IPHONEOS_DEPLOYMENT_TARGET = 13.2;
				MTL_ENABLE_DEBUG_INFO = INCLUDE_SOURCE;
				MTL_FAST_MATH = YES;
				ONLY_ACTIVE_ARCH = YES;
				SDKROOT = iphoneos;
				SWIFT_ACTIVE_COMPILATION_CONDITIONS = DEBUG;
				SWIFT_OPTIMIZATION_LEVEL = "-Onone";
			};
			name = Debug;
		};
		F9B537932422EE1500B19A95 /* Release */ = {
			isa = XCBuildConfiguration;
			buildSettings = {
				ALWAYS_SEARCH_USER_PATHS = NO;
				CLANG_ANALYZER_NONNULL = YES;
				CLANG_ANALYZER_NUMBER_OBJECT_CONVERSION = YES_AGGRESSIVE;
				CLANG_CXX_LANGUAGE_STANDARD = "gnu++14";
				CLANG_CXX_LIBRARY = "libc++";
				CLANG_ENABLE_MODULES = YES;
				CLANG_ENABLE_OBJC_ARC = YES;
				CLANG_ENABLE_OBJC_WEAK = YES;
				CLANG_WARN_BLOCK_CAPTURE_AUTORELEASING = YES;
				CLANG_WARN_BOOL_CONVERSION = YES;
				CLANG_WARN_COMMA = YES;
				CLANG_WARN_CONSTANT_CONVERSION = YES;
				CLANG_WARN_DEPRECATED_OBJC_IMPLEMENTATIONS = YES;
				CLANG_WARN_DIRECT_OBJC_ISA_USAGE = YES_ERROR;
				CLANG_WARN_DOCUMENTATION_COMMENTS = YES;
				CLANG_WARN_EMPTY_BODY = YES;
				CLANG_WARN_ENUM_CONVERSION = YES;
				CLANG_WARN_INFINITE_RECURSION = YES;
				CLANG_WARN_INT_CONVERSION = YES;
				CLANG_WARN_NON_LITERAL_NULL_CONVERSION = YES;
				CLANG_WARN_OBJC_IMPLICIT_RETAIN_SELF = YES;
				CLANG_WARN_OBJC_LITERAL_CONVERSION = YES;
				CLANG_WARN_OBJC_ROOT_CLASS = YES_ERROR;
				CLANG_WARN_RANGE_LOOP_ANALYSIS = YES;
				CLANG_WARN_STRICT_PROTOTYPES = YES;
				CLANG_WARN_SUSPICIOUS_MOVE = YES;
				CLANG_WARN_UNGUARDED_AVAILABILITY = YES_AGGRESSIVE;
				CLANG_WARN_UNREACHABLE_CODE = YES;
				CLANG_WARN__DUPLICATE_METHOD_MATCH = YES;
				COPY_PHASE_STRIP = NO;
				DEBUG_INFORMATION_FORMAT = "dwarf-with-dsym";
				ENABLE_NS_ASSERTIONS = NO;
				ENABLE_STRICT_OBJC_MSGSEND = YES;
				GCC_C_LANGUAGE_STANDARD = gnu11;
				GCC_NO_COMMON_BLOCKS = YES;
				GCC_WARN_64_TO_32_BIT_CONVERSION = YES;
				GCC_WARN_ABOUT_RETURN_TYPE = YES_ERROR;
				GCC_WARN_UNDECLARED_SELECTOR = YES;
				GCC_WARN_UNINITIALIZED_AUTOS = YES_AGGRESSIVE;
				GCC_WARN_UNUSED_FUNCTION = YES;
				GCC_WARN_UNUSED_VARIABLE = YES;
				IPHONEOS_DEPLOYMENT_TARGET = 13.2;
				MTL_ENABLE_DEBUG_INFO = NO;
				MTL_FAST_MATH = YES;
				SDKROOT = iphoneos;
				SWIFT_COMPILATION_MODE = wholemodule;
				SWIFT_OPTIMIZATION_LEVEL = "-O";
				VALIDATE_PRODUCT = YES;
			};
			name = Release;
		};
		F9B537952422EE1500B19A95 /* Debug */ = {
			isa = XCBuildConfiguration;
			buildSettings = {
				ASSETCATALOG_COMPILER_APPICON_NAME = AppIcon;
				CODE_SIGN_STYLE = Automatic;
				DEVELOPMENT_ASSET_PATHS = "\"swiftUiTutorial/Preview Content\"";
				DEVELOPMENT_TEAM = 6AC44Z6PNA;
				ENABLE_PREVIEWS = YES;
				INFOPLIST_FILE = swiftUiTutorial/Info.plist;
				LD_RUNPATH_SEARCH_PATHS = (
					"$(inherited)",
					"@executable_path/Frameworks",
				);
				PRODUCT_BUNDLE_IDENTIFIER = com.pk.swiftUiTutorial;
				PRODUCT_NAME = "$(TARGET_NAME)";
				SWIFT_VERSION = 5.0;
				TARGETED_DEVICE_FAMILY = "1,2";
			};
			name = Debug;
		};
		F9B537962422EE1500B19A95 /* Release */ = {
			isa = XCBuildConfiguration;
			buildSettings = {
				ASSETCATALOG_COMPILER_APPICON_NAME = AppIcon;
				CODE_SIGN_STYLE = Automatic;
				DEVELOPMENT_ASSET_PATHS = "\"swiftUiTutorial/Preview Content\"";
				DEVELOPMENT_TEAM = 6AC44Z6PNA;
				ENABLE_PREVIEWS = YES;
				INFOPLIST_FILE = swiftUiTutorial/Info.plist;
				LD_RUNPATH_SEARCH_PATHS = (
					"$(inherited)",
					"@executable_path/Frameworks",
				);
				PRODUCT_BUNDLE_IDENTIFIER = com.pk.swiftUiTutorial;
				PRODUCT_NAME = "$(TARGET_NAME)";
				SWIFT_VERSION = 5.0;
				TARGETED_DEVICE_FAMILY = "1,2";
			};
			name = Release;
		};
		F9B537982422EE1500B19A95 /* Debug */ = {
			isa = XCBuildConfiguration;
			buildSettings = {
				ALWAYS_EMBED_SWIFT_STANDARD_LIBRARIES = YES;
				BUNDLE_LOADER = "$(TEST_HOST)";
				CODE_SIGN_STYLE = Automatic;
				DEVELOPMENT_TEAM = 6AC44Z6PNA;
				INFOPLIST_FILE = swiftUiTutorialTests/Info.plist;
				IPHONEOS_DEPLOYMENT_TARGET = 13.2;
				LD_RUNPATH_SEARCH_PATHS = (
					"$(inherited)",
					"@executable_path/Frameworks",
					"@loader_path/Frameworks",
				);
				PRODUCT_BUNDLE_IDENTIFIER = com.pk.swiftUiTutorialTests;
				PRODUCT_NAME = "$(TARGET_NAME)";
				SWIFT_VERSION = 5.0;
				TARGETED_DEVICE_FAMILY = "1,2";
				TEST_HOST = "$(BUILT_PRODUCTS_DIR)/swiftUiTutorial.app/swiftUiTutorial";
			};
			name = Debug;
		};
		F9B537992422EE1500B19A95 /* Release */ = {
			isa = XCBuildConfiguration;
			buildSettings = {
				ALWAYS_EMBED_SWIFT_STANDARD_LIBRARIES = YES;
				BUNDLE_LOADER = "$(TEST_HOST)";
				CODE_SIGN_STYLE = Automatic;
				DEVELOPMENT_TEAM = 6AC44Z6PNA;
				INFOPLIST_FILE = swiftUiTutorialTests/Info.plist;
				IPHONEOS_DEPLOYMENT_TARGET = 13.2;
				LD_RUNPATH_SEARCH_PATHS = (
					"$(inherited)",
					"@executable_path/Frameworks",
					"@loader_path/Frameworks",
				);
				PRODUCT_BUNDLE_IDENTIFIER = com.pk.swiftUiTutorialTests;
				PRODUCT_NAME = "$(TARGET_NAME)";
				SWIFT_VERSION = 5.0;
				TARGETED_DEVICE_FAMILY = "1,2";
				TEST_HOST = "$(BUILT_PRODUCTS_DIR)/swiftUiTutorial.app/swiftUiTutorial";
			};
			name = Release;
		};
		F9B5379B2422EE1500B19A95 /* Debug */ = {
			isa = XCBuildConfiguration;
			buildSettings = {
				ALWAYS_EMBED_SWIFT_STANDARD_LIBRARIES = YES;
				CODE_SIGN_STYLE = Automatic;
				DEVELOPMENT_TEAM = 6AC44Z6PNA;
				INFOPLIST_FILE = swiftUiTutorialUITests/Info.plist;
				LD_RUNPATH_SEARCH_PATHS = (
					"$(inherited)",
					"@executable_path/Frameworks",
					"@loader_path/Frameworks",
				);
				PRODUCT_BUNDLE_IDENTIFIER = com.pk.swiftUiTutorialUITests;
				PRODUCT_NAME = "$(TARGET_NAME)";
				SWIFT_VERSION = 5.0;
				TARGETED_DEVICE_FAMILY = "1,2";
				TEST_TARGET_NAME = swiftUiTutorial;
			};
			name = Debug;
		};
		F9B5379C2422EE1500B19A95 /* Release */ = {
			isa = XCBuildConfiguration;
			buildSettings = {
				ALWAYS_EMBED_SWIFT_STANDARD_LIBRARIES = YES;
				CODE_SIGN_STYLE = Automatic;
				DEVELOPMENT_TEAM = 6AC44Z6PNA;
				INFOPLIST_FILE = swiftUiTutorialUITests/Info.plist;
				LD_RUNPATH_SEARCH_PATHS = (
					"$(inherited)",
					"@executable_path/Frameworks",
					"@loader_path/Frameworks",
				);
				PRODUCT_BUNDLE_IDENTIFIER = com.pk.swiftUiTutorialUITests;
				PRODUCT_NAME = "$(TARGET_NAME)";
				SWIFT_VERSION = 5.0;
				TARGETED_DEVICE_FAMILY = "1,2";
				TEST_TARGET_NAME = swiftUiTutorial;
			};
			name = Release;
		};
		F9E9B919243529EF00D4184A /* Debug */ = {
			isa = XCBuildConfiguration;
			buildSettings = {
				ASSETCATALOG_COMPILER_APPICON_NAME = AppIcon;
				CODE_SIGN_ENTITLEMENTS = MacLandmarks/MacLandmarks.entitlements;
				CODE_SIGN_STYLE = Automatic;
				COMBINE_HIDPI_IMAGES = YES;
				DEVELOPMENT_ASSET_PATHS = "\"MacLandmarks/Preview Content\"";
				DEVELOPMENT_TEAM = 6AC44Z6PNA;
				ENABLE_HARDENED_RUNTIME = YES;
				ENABLE_PREVIEWS = YES;
				INFOPLIST_FILE = MacLandmarks/Info.plist;
				LD_RUNPATH_SEARCH_PATHS = (
					"$(inherited)",
					"@executable_path/../Frameworks",
				);
				MACOSX_DEPLOYMENT_TARGET = 10.15;
				PRODUCT_BUNDLE_IDENTIFIER = com.pk.MacLandmarks;
				PRODUCT_NAME = "$(TARGET_NAME)";
				SDKROOT = macosx;
				SWIFT_VERSION = 5.0;
			};
			name = Debug;
		};
		F9E9B91A243529EF00D4184A /* Release */ = {
			isa = XCBuildConfiguration;
			buildSettings = {
				ASSETCATALOG_COMPILER_APPICON_NAME = AppIcon;
				CODE_SIGN_ENTITLEMENTS = MacLandmarks/MacLandmarks.entitlements;
				CODE_SIGN_STYLE = Automatic;
				COMBINE_HIDPI_IMAGES = YES;
				DEVELOPMENT_ASSET_PATHS = "\"MacLandmarks/Preview Content\"";
				DEVELOPMENT_TEAM = 6AC44Z6PNA;
				ENABLE_HARDENED_RUNTIME = YES;
				ENABLE_PREVIEWS = YES;
				INFOPLIST_FILE = MacLandmarks/Info.plist;
				LD_RUNPATH_SEARCH_PATHS = (
					"$(inherited)",
					"@executable_path/../Frameworks",
				);
				MACOSX_DEPLOYMENT_TARGET = 10.15;
				PRODUCT_BUNDLE_IDENTIFIER = com.pk.MacLandmarks;
				PRODUCT_NAME = "$(TARGET_NAME)";
				SDKROOT = macosx;
				SWIFT_VERSION = 5.0;
			};
			name = Release;
		};
		F9E9B91B243529EF00D4184A /* Debug */ = {
			isa = XCBuildConfiguration;
			buildSettings = {
				ALWAYS_EMBED_SWIFT_STANDARD_LIBRARIES = YES;
				BUNDLE_LOADER = "$(TEST_HOST)";
				CODE_SIGN_STYLE = Automatic;
				COMBINE_HIDPI_IMAGES = YES;
				DEVELOPMENT_TEAM = 6AC44Z6PNA;
				INFOPLIST_FILE = MacLandmarksTests/Info.plist;
				LD_RUNPATH_SEARCH_PATHS = (
					"$(inherited)",
					"@executable_path/../Frameworks",
					"@loader_path/../Frameworks",
				);
				MACOSX_DEPLOYMENT_TARGET = 10.15;
				PRODUCT_BUNDLE_IDENTIFIER = com.pk.MacLandmarksTests;
				PRODUCT_NAME = "$(TARGET_NAME)";
				SDKROOT = macosx;
				SWIFT_VERSION = 5.0;
				TEST_HOST = "$(BUILT_PRODUCTS_DIR)/MacLandmarks.app/Contents/MacOS/MacLandmarks";
			};
			name = Debug;
		};
		F9E9B91C243529EF00D4184A /* Release */ = {
			isa = XCBuildConfiguration;
			buildSettings = {
				ALWAYS_EMBED_SWIFT_STANDARD_LIBRARIES = YES;
				BUNDLE_LOADER = "$(TEST_HOST)";
				CODE_SIGN_STYLE = Automatic;
				COMBINE_HIDPI_IMAGES = YES;
				DEVELOPMENT_TEAM = 6AC44Z6PNA;
				INFOPLIST_FILE = MacLandmarksTests/Info.plist;
				LD_RUNPATH_SEARCH_PATHS = (
					"$(inherited)",
					"@executable_path/../Frameworks",
					"@loader_path/../Frameworks",
				);
				MACOSX_DEPLOYMENT_TARGET = 10.15;
				PRODUCT_BUNDLE_IDENTIFIER = com.pk.MacLandmarksTests;
				PRODUCT_NAME = "$(TARGET_NAME)";
				SDKROOT = macosx;
				SWIFT_VERSION = 5.0;
				TEST_HOST = "$(BUILT_PRODUCTS_DIR)/MacLandmarks.app/Contents/MacOS/MacLandmarks";
			};
			name = Release;
		};
		F9E9B91D243529EF00D4184A /* Debug */ = {
			isa = XCBuildConfiguration;
			buildSettings = {
				ALWAYS_EMBED_SWIFT_STANDARD_LIBRARIES = YES;
				CODE_SIGN_STYLE = Automatic;
				COMBINE_HIDPI_IMAGES = YES;
				DEVELOPMENT_TEAM = 6AC44Z6PNA;
				INFOPLIST_FILE = MacLandmarksUITests/Info.plist;
				LD_RUNPATH_SEARCH_PATHS = (
					"$(inherited)",
					"@executable_path/../Frameworks",
					"@loader_path/../Frameworks",
				);
				MACOSX_DEPLOYMENT_TARGET = 10.15;
				PRODUCT_BUNDLE_IDENTIFIER = com.pk.MacLandmarksUITests;
				PRODUCT_NAME = "$(TARGET_NAME)";
				SDKROOT = macosx;
				SWIFT_VERSION = 5.0;
				TEST_TARGET_NAME = MacLandmarks;
			};
			name = Debug;
		};
		F9E9B91E243529EF00D4184A /* Release */ = {
			isa = XCBuildConfiguration;
			buildSettings = {
				ALWAYS_EMBED_SWIFT_STANDARD_LIBRARIES = YES;
				CODE_SIGN_STYLE = Automatic;
				COMBINE_HIDPI_IMAGES = YES;
				DEVELOPMENT_TEAM = 6AC44Z6PNA;
				INFOPLIST_FILE = MacLandmarksUITests/Info.plist;
				LD_RUNPATH_SEARCH_PATHS = (
					"$(inherited)",
					"@executable_path/../Frameworks",
					"@loader_path/../Frameworks",
				);
				MACOSX_DEPLOYMENT_TARGET = 10.15;
				PRODUCT_BUNDLE_IDENTIFIER = com.pk.MacLandmarksUITests;
				PRODUCT_NAME = "$(TARGET_NAME)";
				SDKROOT = macosx;
				SWIFT_VERSION = 5.0;
				TEST_TARGET_NAME = MacLandmarks;
			};
			name = Release;
		};
/* End XCBuildConfiguration section */

/* Begin XCConfigurationList section */
		F9820BA924326EC3001F2203 /* Build configuration list for PBXNativeTarget "WatchSwiftUITutorial Extension" */ = {
			isa = XCConfigurationList;
			buildConfigurations = (
				F9820BA724326EC3001F2203 /* Debug */,
				F9820BA824326EC3001F2203 /* Release */,
			);
			defaultConfigurationIsVisible = 0;
			defaultConfigurationName = Release;
		};
		F9820BAA24326EC3001F2203 /* Build configuration list for PBXNativeTarget "WatchSwiftUITutorial" */ = {
			isa = XCConfigurationList;
			buildConfigurations = (
				F9820BA424326EC3001F2203 /* Debug */,
				F9820BA524326EC3001F2203 /* Release */,
			);
			defaultConfigurationIsVisible = 0;
			defaultConfigurationName = Release;
		};
		F9B537652422EE1200B19A95 /* Build configuration list for PBXProject "swiftUiTutorial" */ = {
			isa = XCConfigurationList;
			buildConfigurations = (
				F9B537922422EE1500B19A95 /* Debug */,
				F9B537932422EE1500B19A95 /* Release */,
			);
			defaultConfigurationIsVisible = 0;
			defaultConfigurationName = Release;
		};
		F9B537942422EE1500B19A95 /* Build configuration list for PBXNativeTarget "swiftUiTutorial" */ = {
			isa = XCConfigurationList;
			buildConfigurations = (
				F9B537952422EE1500B19A95 /* Debug */,
				F9B537962422EE1500B19A95 /* Release */,
			);
			defaultConfigurationIsVisible = 0;
			defaultConfigurationName = Release;
		};
		F9B537972422EE1500B19A95 /* Build configuration list for PBXNativeTarget "swiftUiTutorialTests" */ = {
			isa = XCConfigurationList;
			buildConfigurations = (
				F9B537982422EE1500B19A95 /* Debug */,
				F9B537992422EE1500B19A95 /* Release */,
			);
			defaultConfigurationIsVisible = 0;
			defaultConfigurationName = Release;
		};
		F9B5379A2422EE1500B19A95 /* Build configuration list for PBXNativeTarget "swiftUiTutorialUITests" */ = {
			isa = XCConfigurationList;
			buildConfigurations = (
				F9B5379B2422EE1500B19A95 /* Debug */,
				F9B5379C2422EE1500B19A95 /* Release */,
			);
			defaultConfigurationIsVisible = 0;
			defaultConfigurationName = Release;
		};
		F9E9B91F243529EF00D4184A /* Build configuration list for PBXNativeTarget "MacLandmarks" */ = {
			isa = XCConfigurationList;
			buildConfigurations = (
				F9E9B919243529EF00D4184A /* Debug */,
				F9E9B91A243529EF00D4184A /* Release */,
			);
			defaultConfigurationIsVisible = 0;
			defaultConfigurationName = Release;
		};
		F9E9B920243529EF00D4184A /* Build configuration list for PBXNativeTarget "MacLandmarksTests" */ = {
			isa = XCConfigurationList;
			buildConfigurations = (
				F9E9B91B243529EF00D4184A /* Debug */,
				F9E9B91C243529EF00D4184A /* Release */,
			);
			defaultConfigurationIsVisible = 0;
			defaultConfigurationName = Release;
		};
		F9E9B921243529EF00D4184A /* Build configuration list for PBXNativeTarget "MacLandmarksUITests" */ = {
			isa = XCConfigurationList;
			buildConfigurations = (
				F9E9B91D243529EF00D4184A /* Debug */,
				F9E9B91E243529EF00D4184A /* Release */,
			);
			defaultConfigurationIsVisible = 0;
			defaultConfigurationName = Release;
		};
/* End XCConfigurationList section */
	};
	rootObject = F9B537622422EE1200B19A95 /* Project object */;
}
